// !$*UTF8*$!
{
	archiveVersion = 1;
	classes = {
	};
	objectVersion = 46;
	objects = {

/* Begin PBXBuildFile section */
		4145E2B81CF99EB000822AA0 /* LoginController.m in Sources */ = {isa = PBXBuildFile; fileRef = 4145E2B61CF99EB000822AA0 /* LoginController.m */; };
		4145E2B91CF99EB000822AA0 /* LoginController.xib in Resources */ = {isa = PBXBuildFile; fileRef = 4145E2B71CF99EB000822AA0 /* LoginController.xib */; };
		4154D0A11D0FDF2C00E1F5D2 /* XCFSearchBar.m in Sources */ = {isa = PBXBuildFile; fileRef = 4154D0A01D0FDF2C00E1F5D2 /* XCFSearchBar.m */; };
		4162F9BE1D124046000A8177 /* ContactsController.m in Sources */ = {isa = PBXBuildFile; fileRef = 4162F9BD1D124046000A8177 /* ContactsController.m */; };
		419654631D11676D0002629B /* bootstrap-theme.css in Resources */ = {isa = PBXBuildFile; fileRef = 4196544E1D11676D0002629B /* bootstrap-theme.css */; };
		419654641D11676D0002629B /* bootstrap-theme.min.css in Resources */ = {isa = PBXBuildFile; fileRef = 419654501D11676D0002629B /* bootstrap-theme.min.css */; };
		419654651D11676D0002629B /* bootstrap.css in Resources */ = {isa = PBXBuildFile; fileRef = 419654521D11676D0002629B /* bootstrap.css */; };
		419654661D11676D0002629B /* bootstrap.min.css in Resources */ = {isa = PBXBuildFile; fileRef = 419654541D11676D0002629B /* bootstrap.min.css */; };
		419654671D11676D0002629B /* glyphicons-halflings-regular.eot in Resources */ = {isa = PBXBuildFile; fileRef = 419654571D11676D0002629B /* glyphicons-halflings-regular.eot */; };
		419654681D11676D0002629B /* glyphicons-halflings-regular.svg in Resources */ = {isa = PBXBuildFile; fileRef = 419654581D11676D0002629B /* glyphicons-halflings-regular.svg */; };
		419654691D11676D0002629B /* glyphicons-halflings-regular.ttf in Resources */ = {isa = PBXBuildFile; fileRef = 419654591D11676D0002629B /* glyphicons-halflings-regular.ttf */; };
		4196546A1D11676D0002629B /* glyphicons-halflings-regular.woff in Resources */ = {isa = PBXBuildFile; fileRef = 4196545A1D11676D0002629B /* glyphicons-halflings-regular.woff */; };
		4196546B1D11676D0002629B /* glyphicons-halflings-regular.woff2 in Resources */ = {isa = PBXBuildFile; fileRef = 4196545B1D11676D0002629B /* glyphicons-halflings-regular.woff2 */; };
		4196546C1D11676D0002629B /* bootstrap.js in Resources */ = {isa = PBXBuildFile; fileRef = 4196545D1D11676D0002629B /* bootstrap.js */; };
		4196546D1D11676D0002629B /* bootstrap.min.js in Resources */ = {isa = PBXBuildFile; fileRef = 4196545E1D11676D0002629B /* bootstrap.min.js */; };
		4196546E1D11676D0002629B /* npm.js in Resources */ = {isa = PBXBuildFile; fileRef = 4196545F1D11676D0002629B /* npm.js */; };
		4196546F1D11676D0002629B /* index.html in Resources */ = {isa = PBXBuildFile; fileRef = 419654601D11676D0002629B /* index.html */; };
		419654701D11676D0002629B /* jquery-1.12.2.js in Resources */ = {isa = PBXBuildFile; fileRef = 419654621D11676D0002629B /* jquery-1.12.2.js */; };
		419654731D1177E10002629B /* AvtivityDetailController.m in Sources */ = {isa = PBXBuildFile; fileRef = 419654721D1177E10002629B /* AvtivityDetailController.m */; };
		41D685DD1D19371E00B4363A /* EditController.m in Sources */ = {isa = PBXBuildFile; fileRef = 41D685CC1D19371E00B4363A /* EditController.m */; };
		41D685DE1D19371E00B4363A /* TieziController.m in Sources */ = {isa = PBXBuildFile; fileRef = 41D685CE1D19371E00B4363A /* TieziController.m */; };
		41D685DF1D19371E00B4363A /* TieziDetailController.m in Sources */ = {isa = PBXBuildFile; fileRef = 41D685D01D19371E00B4363A /* TieziDetailController.m */; };
		41D685E01D19371E00B4363A /* TieziMarkViewController.m in Sources */ = {isa = PBXBuildFile; fileRef = 41D685D21D19371E00B4363A /* TieziMarkViewController.m */; };
		41D685E11D19371E00B4363A /* CusTiezi.m in Sources */ = {isa = PBXBuildFile; fileRef = 41D685D51D19371E00B4363A /* CusTiezi.m */; };
		41D685E21D19371E00B4363A /* CommentTool.m in Sources */ = {isa = PBXBuildFile; fileRef = 41D685D81D19371E00B4363A /* CommentTool.m */; };
		41D685E31D19371E00B4363A /* CommentTool.xib in Resources */ = {isa = PBXBuildFile; fileRef = 41D685D91D19371E00B4363A /* CommentTool.xib */; };
		41D685E41D19371E00B4363A /* TieziCell.m in Sources */ = {isa = PBXBuildFile; fileRef = 41D685DB1D19371E00B4363A /* TieziCell.m */; };
		41D685E51D19371E00B4363A /* TieziCell.xib in Resources */ = {isa = PBXBuildFile; fileRef = 41D685DC1D19371E00B4363A /* TieziCell.xib */; };
		41DC8E121CF7058F00427C23 /* CusDetailController.m in Sources */ = {isa = PBXBuildFile; fileRef = 41DC8E041CF7058F00427C23 /* CusDetailController.m */; };
		41DC8E131CF7058F00427C23 /* CusNewsController.m in Sources */ = {isa = PBXBuildFile; fileRef = 41DC8E061CF7058F00427C23 /* CusNewsController.m */; };
		41DC8E141CF7058F00427C23 /* CusContents.m in Sources */ = {isa = PBXBuildFile; fileRef = 41DC8E091CF7058F00427C23 /* CusContents.m */; };
		41DC8E151CF7058F00427C23 /* CusNews.m in Sources */ = {isa = PBXBuildFile; fileRef = 41DC8E0B1CF7058F00427C23 /* CusNews.m */; };
		41DC8E161CF7058F00427C23 /* CusNewsRequest.m in Sources */ = {isa = PBXBuildFile; fileRef = 41DC8E0D1CF7058F00427C23 /* CusNewsRequest.m */; };
		41DC8E171CF7058F00427C23 /* CusNewsCell.m in Sources */ = {isa = PBXBuildFile; fileRef = 41DC8E101CF7058F00427C23 /* CusNewsCell.m */; };
		41DC8E181CF7058F00427C23 /* CusNewsCell.xib in Resources */ = {isa = PBXBuildFile; fileRef = 41DC8E111CF7058F00427C23 /* CusNewsCell.xib */; };
		41EDC37D1D11224A00BDD264 /* ActivityController.m in Sources */ = {isa = PBXBuildFile; fileRef = 41EDC37C1D11224A00BDD264 /* ActivityController.m */; };
		41EDC3811D1122BF00BDD264 /* ActivityCell.m in Sources */ = {isa = PBXBuildFile; fileRef = 41EDC37F1D1122BF00BDD264 /* ActivityCell.m */; };
		41EDC3821D1122BF00BDD264 /* ActivityCell.xib in Resources */ = {isa = PBXBuildFile; fileRef = 41EDC3801D1122BF00BDD264 /* ActivityCell.xib */; };
		41FE84471D112BCD004C9774 /* CusActivity.m in Sources */ = {isa = PBXBuildFile; fileRef = 41FE84461D112BCD004C9774 /* CusActivity.m */; };
		41FE84491D112C47004C9774 /* ActivityLists.plist in Resources */ = {isa = PBXBuildFile; fileRef = 41FE84481D112C47004C9774 /* ActivityLists.plist */; };
		56C7E7771BBB489837FE88FD /* libPods-XCFApp.a in Frameworks */ = {isa = PBXBuildFile; fileRef = 1B943ADB34F2252CAF87BC38 /* libPods-XCFApp.a */; };
		D4074F831CD207E200811CDF /* XCFAppTests.m in Sources */ = {isa = PBXBuildFile; fileRef = D4074F821CD207E200811CDF /* XCFAppTests.m */; };
		D4074F8E1CD207E200811CDF /* XCFAppUITests.m in Sources */ = {isa = PBXBuildFile; fileRef = D4074F8D1CD207E200811CDF /* XCFAppUITests.m */; };
		D407525E1CD20E5600811CDF /* Assets.xcassets in Resources */ = {isa = PBXBuildFile; fileRef = D407525D1CD20E5600811CDF /* Assets.xcassets */; };
		D40752601CD20E5E00811CDF /* Info.plist in Resources */ = {isa = PBXBuildFile; fileRef = D407525F1CD20E5E00811CDF /* Info.plist */; };
		D40754DA1CD2378000811CDF /* XCFSearchResultViewController.m in Sources */ = {isa = PBXBuildFile; fileRef = D40753A71CD2378000811CDF /* XCFSearchResultViewController.m */; };
		D40754DB1CD2378000811CDF /* XCFSearchViewController.m in Sources */ = {isa = PBXBuildFile; fileRef = D40753A91CD2378000811CDF /* XCFSearchViewController.m */; };
		D40754DC1CD2378000811CDF /* XCFSearchKeywordsTool.m in Sources */ = {isa = PBXBuildFile; fileRef = D40753AC1CD2378000811CDF /* XCFSearchKeywordsTool.m */; };
		D40754DD1CD2378000811CDF /* XCFSearchViewFooter.m in Sources */ = {isa = PBXBuildFile; fileRef = D40753AF1CD2378000811CDF /* XCFSearchViewFooter.m */; };
		D40754DE1CD2378000811CDF /* XCFSearchViewHeader.m in Sources */ = {isa = PBXBuildFile; fileRef = D40753B11CD2378000811CDF /* XCFSearchViewHeader.m */; };
		D40754F31CD2378000811CDF /* AppDelegate.m in Sources */ = {isa = PBXBuildFile; fileRef = D40753DE1CD2378000811CDF /* AppDelegate.m */; };
		D40754F41CD2378000811CDF /* NSDate+Extension.m in Sources */ = {isa = PBXBuildFile; fileRef = D40753E11CD2378000811CDF /* NSDate+Extension.m */; };
		D40754F51CD2378000811CDF /* NSString+Extension.m in Sources */ = {isa = PBXBuildFile; fileRef = D40753E31CD2378000811CDF /* NSString+Extension.m */; };
		D40754F61CD2378000811CDF /* UIBarButtonItem+Extension.m in Sources */ = {isa = PBXBuildFile; fileRef = D40753E51CD2378000811CDF /* UIBarButtonItem+Extension.m */; };
		D40754F71CD2378000811CDF /* UIButton+Extension.m in Sources */ = {isa = PBXBuildFile; fileRef = D40753E71CD2378000811CDF /* UIButton+Extension.m */; };
		D40754F81CD2378000811CDF /* UIImage+Extension.m in Sources */ = {isa = PBXBuildFile; fileRef = D40753E91CD2378000811CDF /* UIImage+Extension.m */; };
		D40754F91CD2378000811CDF /* UIImageView+Extension.m in Sources */ = {isa = PBXBuildFile; fileRef = D40753EB1CD2378000811CDF /* UIImageView+Extension.m */; };
		D40754FA1CD2378000811CDF /* UILabel+Extension.m in Sources */ = {isa = PBXBuildFile; fileRef = D40753ED1CD2378000811CDF /* UILabel+Extension.m */; };
		D40754FB1CD2378000811CDF /* UIViewController+Extension.m in Sources */ = {isa = PBXBuildFile; fileRef = D40753EF1CD2378000811CDF /* UIViewController+Extension.m */; };
		D40755001CD2378000811CDF /* XCFNavigationController.m in Sources */ = {isa = PBXBuildFile; fileRef = D40753FB1CD2378000811CDF /* XCFNavigationController.m */; };
		D40755011CD2378000811CDF /* XCFTabBarController.m in Sources */ = {isa = PBXBuildFile; fileRef = D40753FD1CD2378000811CDF /* XCFTabBarController.m */; };
		D40755021CD2378000811CDF /* main.m in Sources */ = {isa = PBXBuildFile; fileRef = D40753FE1CD2378000811CDF /* main.m */; };
		D40755031CD2378000811CDF /* XCFCity.m in Sources */ = {isa = PBXBuildFile; fileRef = D40754021CD2378000811CDF /* XCFCity.m */; };
		D40755041CD2378000811CDF /* XCFDetailArea.m in Sources */ = {isa = PBXBuildFile; fileRef = D40754041CD2378000811CDF /* XCFDetailArea.m */; };
		D40755051CD2378000811CDF /* XCFDetailCity.m in Sources */ = {isa = PBXBuildFile; fileRef = D40754061CD2378000811CDF /* XCFDetailCity.m */; };
		D40755061CD2378000811CDF /* XCFDetailLocation.m in Sources */ = {isa = PBXBuildFile; fileRef = D40754081CD2378000811CDF /* XCFDetailLocation.m */; };
		D40755071CD2378000811CDF /* XCFLocation.m in Sources */ = {isa = PBXBuildFile; fileRef = D407540A1CD2378000811CDF /* XCFLocation.m */; };
		D407553C1CD2380900811CDF /* XCFMeController.m in Sources */ = {isa = PBXBuildFile; fileRef = D407552B1CD2380900811CDF /* XCFMeController.m */; };
		D407553D1CD2380900811CDF /* XCFAuthor.m in Sources */ = {isa = PBXBuildFile; fileRef = D407552E1CD2380900811CDF /* XCFAuthor.m */; };
		D407553E1CD2380900811CDF /* XCFAuthorDetail.m in Sources */ = {isa = PBXBuildFile; fileRef = D40755301CD2380900811CDF /* XCFAuthorDetail.m */; };
		D40755761CD2381100811CDF /* XCFProfileEditingController.m in Sources */ = {isa = PBXBuildFile; fileRef = D407554A1CD2381100811CDF /* XCFProfileEditingController.m */; };
		D40755771CD2381100811CDF /* XCFSettingViewController.m in Sources */ = {isa = PBXBuildFile; fileRef = D407554C1CD2381100811CDF /* XCFSettingViewController.m */; };
		D40755791CD2381100811CDF /* XCFAddressInfo.m in Sources */ = {isa = PBXBuildFile; fileRef = D40755511CD2381100811CDF /* XCFAddressInfo.m */; };
		D407557A1CD2381100811CDF /* XCFAddressInfoTool.m in Sources */ = {isa = PBXBuildFile; fileRef = D40755531CD2381100811CDF /* XCFAddressInfoTool.m */; };
		D407557B1CD2381100811CDF /* XCFMyInfo.m in Sources */ = {isa = PBXBuildFile; fileRef = D40755551CD2381100811CDF /* XCFMyInfo.m */; };
		D407557C1CD2381100811CDF /* XCFEditingBirthAndGenderCell.m in Sources */ = {isa = PBXBuildFile; fileRef = D40755591CD2381100811CDF /* XCFEditingBirthAndGenderCell.m */; };
		D407557D1CD2381100811CDF /* XCFEditingBirthAndGenderCell.xib in Resources */ = {isa = PBXBuildFile; fileRef = D407555A1CD2381100811CDF /* XCFEditingBirthAndGenderCell.xib */; };
		D407557E1CD2381100811CDF /* XCFEditingDescCell.m in Sources */ = {isa = PBXBuildFile; fileRef = D407555C1CD2381100811CDF /* XCFEditingDescCell.m */; };
		D407557F1CD2381100811CDF /* XCFEditingDescCell.xib in Resources */ = {isa = PBXBuildFile; fileRef = D407555D1CD2381100811CDF /* XCFEditingDescCell.xib */; };
		D40755801CD2381100811CDF /* XCFEditingLocationCell.m in Sources */ = {isa = PBXBuildFile; fileRef = D407555F1CD2381100811CDF /* XCFEditingLocationCell.m */; };
		D40755811CD2381100811CDF /* XCFEditingLocationCell.xib in Resources */ = {isa = PBXBuildFile; fileRef = D40755601CD2381100811CDF /* XCFEditingLocationCell.xib */; };
		D40755821CD2381100811CDF /* XCFEditingTextCell.m in Sources */ = {isa = PBXBuildFile; fileRef = D40755621CD2381100811CDF /* XCFEditingTextCell.m */; };
		D40755831CD2381100811CDF /* XCFEditingTextCell.xib in Resources */ = {isa = PBXBuildFile; fileRef = D40755631CD2381100811CDF /* XCFEditingTextCell.xib */; };
		D40755841CD2381100811CDF /* XCFProfileEditingHeader.m in Sources */ = {isa = PBXBuildFile; fileRef = D40755651CD2381100811CDF /* XCFProfileEditingHeader.m */; };
		D40755851CD2381100811CDF /* XCFProfileEditingHeader.xib in Resources */ = {isa = PBXBuildFile; fileRef = D40755661CD2381100811CDF /* XCFProfileEditingHeader.xib */; };
		D407558B1CD2381100811CDF /* XCFMyInfoCell.m in Sources */ = {isa = PBXBuildFile; fileRef = D40755711CD2381100811CDF /* XCFMyInfoCell.m */; };
		D407558C1CD2381100811CDF /* XCFMyInfoCell.xib in Resources */ = {isa = PBXBuildFile; fileRef = D40755721CD2381100811CDF /* XCFMyInfoCell.xib */; };
		D407558D1CD2381100811CDF /* XCFSettingFooter.m in Sources */ = {isa = PBXBuildFile; fileRef = D40755741CD2381100811CDF /* XCFSettingFooter.m */; };
		D40755921CD238D000811CDF /* breakfast.json in Resources */ = {isa = PBXBuildFile; fileRef = D407558F1CD238D000811CDF /* breakfast.json */; };
		D40755931CD238D000811CDF /* location.json in Resources */ = {isa = PBXBuildFile; fileRef = D40755901CD238D000811CDF /* location.json */; };
		D40755991CD23A3200811CDF /* cart_items.plist in Resources */ = {isa = PBXBuildFile; fileRef = D40755941CD23A3200811CDF /* cart_items.plist */; };
		D407559A1CD23A3200811CDF /* comment.plist in Resources */ = {isa = PBXBuildFile; fileRef = D40755951CD23A3200811CDF /* comment.plist */; };
		D407559B1CD23A3200811CDF /* detaillocation.plist in Resources */ = {isa = PBXBuildFile; fileRef = D40755961CD23A3200811CDF /* detaillocation.plist */; };
		D407559C1CD23A3200811CDF /* Ingredient.plist in Resources */ = {isa = PBXBuildFile; fileRef = D40755971CD23A3200811CDF /* Ingredient.plist */; };
		D407559D1CD23A3200811CDF /* keywords.plist in Resources */ = {isa = PBXBuildFile; fileRef = D40755981CD23A3200811CDF /* keywords.plist */; };
/* End PBXBuildFile section */

/* Begin PBXContainerItemProxy section */
		D4074F7F1CD207E200811CDF /* PBXContainerItemProxy */ = {
			isa = PBXContainerItemProxy;
			containerPortal = D4074F5D1CD207E200811CDF /* Project object */;
			proxyType = 1;
			remoteGlobalIDString = D4074F641CD207E200811CDF;
			remoteInfo = XCFApp;
		};
		D4074F8A1CD207E200811CDF /* PBXContainerItemProxy */ = {
			isa = PBXContainerItemProxy;
			containerPortal = D4074F5D1CD207E200811CDF /* Project object */;
			proxyType = 1;
			remoteGlobalIDString = D4074F641CD207E200811CDF;
			remoteInfo = XCFApp;
		};
/* End PBXContainerItemProxy section */

/* Begin PBXFileReference section */
		1B943ADB34F2252CAF87BC38 /* libPods-XCFApp.a */ = {isa = PBXFileReference; explicitFileType = archive.ar; includeInIndex = 0; path = "libPods-XCFApp.a"; sourceTree = BUILT_PRODUCTS_DIR; };
		1D1F7A3E8237131B9B03F313 /* Pods-XCFApp.debug.xcconfig */ = {isa = PBXFileReference; includeInIndex = 1; lastKnownFileType = text.xcconfig; name = "Pods-XCFApp.debug.xcconfig"; path = "Pods/Target Support Files/Pods-XCFApp/Pods-XCFApp.debug.xcconfig"; sourceTree = "<group>"; };
		4145E2B51CF99EB000822AA0 /* LoginController.h */ = {isa = PBXFileReference; fileEncoding = 4; lastKnownFileType = sourcecode.c.h; path = LoginController.h; sourceTree = "<group>"; };
		4145E2B61CF99EB000822AA0 /* LoginController.m */ = {isa = PBXFileReference; fileEncoding = 4; lastKnownFileType = sourcecode.c.objc; path = LoginController.m; sourceTree = "<group>"; };
		4145E2B71CF99EB000822AA0 /* LoginController.xib */ = {isa = PBXFileReference; fileEncoding = 4; lastKnownFileType = file.xib; path = LoginController.xib; sourceTree = "<group>"; };
		4154D09F1D0FDF2C00E1F5D2 /* XCFSearchBar.h */ = {isa = PBXFileReference; fileEncoding = 4; lastKnownFileType = sourcecode.c.h; path = XCFSearchBar.h; sourceTree = "<group>"; };
		4154D0A01D0FDF2C00E1F5D2 /* XCFSearchBar.m */ = {isa = PBXFileReference; fileEncoding = 4; lastKnownFileType = sourcecode.c.objc; path = XCFSearchBar.m; sourceTree = "<group>"; };
		4162F9BC1D124046000A8177 /* ContactsController.h */ = {isa = PBXFileReference; fileEncoding = 4; lastKnownFileType = sourcecode.c.h; path = ContactsController.h; sourceTree = "<group>"; };
		4162F9BD1D124046000A8177 /* ContactsController.m */ = {isa = PBXFileReference; fileEncoding = 4; lastKnownFileType = sourcecode.c.objc; path = ContactsController.m; sourceTree = "<group>"; };
		4196544E1D11676D0002629B /* bootstrap-theme.css */ = {isa = PBXFileReference; fileEncoding = 4; lastKnownFileType = text.css; path = "bootstrap-theme.css"; sourceTree = "<group>"; };
		4196544F1D11676D0002629B /* bootstrap-theme.css.map */ = {isa = PBXFileReference; fileEncoding = 4; lastKnownFileType = "sourcecode.module-map"; path = "bootstrap-theme.css.map"; sourceTree = "<group>"; };
		419654501D11676D0002629B /* bootstrap-theme.min.css */ = {isa = PBXFileReference; fileEncoding = 4; lastKnownFileType = text.css; path = "bootstrap-theme.min.css"; sourceTree = "<group>"; };
		419654511D11676D0002629B /* bootstrap-theme.min.css.map */ = {isa = PBXFileReference; fileEncoding = 4; lastKnownFileType = "sourcecode.module-map"; path = "bootstrap-theme.min.css.map"; sourceTree = "<group>"; };
		419654521D11676D0002629B /* bootstrap.css */ = {isa = PBXFileReference; fileEncoding = 4; lastKnownFileType = text.css; path = bootstrap.css; sourceTree = "<group>"; };
		419654531D11676D0002629B /* bootstrap.css.map */ = {isa = PBXFileReference; fileEncoding = 4; lastKnownFileType = "sourcecode.module-map"; path = bootstrap.css.map; sourceTree = "<group>"; };
		419654541D11676D0002629B /* bootstrap.min.css */ = {isa = PBXFileReference; fileEncoding = 4; lastKnownFileType = text.css; path = bootstrap.min.css; sourceTree = "<group>"; };
		419654551D11676D0002629B /* bootstrap.min.css.map */ = {isa = PBXFileReference; fileEncoding = 4; lastKnownFileType = "sourcecode.module-map"; path = bootstrap.min.css.map; sourceTree = "<group>"; };
		419654571D11676D0002629B /* glyphicons-halflings-regular.eot */ = {isa = PBXFileReference; lastKnownFileType = file; path = "glyphicons-halflings-regular.eot"; sourceTree = "<group>"; };
		419654581D11676D0002629B /* glyphicons-halflings-regular.svg */ = {isa = PBXFileReference; fileEncoding = 4; lastKnownFileType = text.xml; path = "glyphicons-halflings-regular.svg"; sourceTree = "<group>"; };
		419654591D11676D0002629B /* glyphicons-halflings-regular.ttf */ = {isa = PBXFileReference; lastKnownFileType = file; path = "glyphicons-halflings-regular.ttf"; sourceTree = "<group>"; };
		4196545A1D11676D0002629B /* glyphicons-halflings-regular.woff */ = {isa = PBXFileReference; lastKnownFileType = file; path = "glyphicons-halflings-regular.woff"; sourceTree = "<group>"; };
		4196545B1D11676D0002629B /* glyphicons-halflings-regular.woff2 */ = {isa = PBXFileReference; lastKnownFileType = file; path = "glyphicons-halflings-regular.woff2"; sourceTree = "<group>"; };
		4196545D1D11676D0002629B /* bootstrap.js */ = {isa = PBXFileReference; fileEncoding = 4; lastKnownFileType = sourcecode.javascript; path = bootstrap.js; sourceTree = "<group>"; };
		4196545E1D11676D0002629B /* bootstrap.min.js */ = {isa = PBXFileReference; fileEncoding = 4; lastKnownFileType = sourcecode.javascript; path = bootstrap.min.js; sourceTree = "<group>"; };
		4196545F1D11676D0002629B /* npm.js */ = {isa = PBXFileReference; fileEncoding = 4; lastKnownFileType = sourcecode.javascript; path = npm.js; sourceTree = "<group>"; };
		419654601D11676D0002629B /* index.html */ = {isa = PBXFileReference; fileEncoding = 4; lastKnownFileType = text.html; path = index.html; sourceTree = "<group>"; };
		419654621D11676D0002629B /* jquery-1.12.2.js */ = {isa = PBXFileReference; fileEncoding = 4; lastKnownFileType = sourcecode.javascript; path = "jquery-1.12.2.js"; sourceTree = "<group>"; };
		419654711D1177E10002629B /* AvtivityDetailController.h */ = {isa = PBXFileReference; fileEncoding = 4; lastKnownFileType = sourcecode.c.h; name = AvtivityDetailController.h; path = "XCFApp/Classes/活动/controller/AvtivityDetailController.h"; sourceTree = SOURCE_ROOT; };
		419654721D1177E10002629B /* AvtivityDetailController.m */ = {isa = PBXFileReference; fileEncoding = 4; lastKnownFileType = sourcecode.c.objc; name = AvtivityDetailController.m; path = "XCFApp/Classes/活动/controller/AvtivityDetailController.m"; sourceTree = SOURCE_ROOT; };
		41D685CB1D19371E00B4363A /* EditController.h */ = {isa = PBXFileReference; fileEncoding = 4; lastKnownFileType = sourcecode.c.h; path = EditController.h; sourceTree = "<group>"; };
		41D685CC1D19371E00B4363A /* EditController.m */ = {isa = PBXFileReference; fileEncoding = 4; lastKnownFileType = sourcecode.c.objc; path = EditController.m; sourceTree = "<group>"; };
		41D685CD1D19371E00B4363A /* TieziController.h */ = {isa = PBXFileReference; fileEncoding = 4; lastKnownFileType = sourcecode.c.h; path = TieziController.h; sourceTree = "<group>"; };
		41D685CE1D19371E00B4363A /* TieziController.m */ = {isa = PBXFileReference; fileEncoding = 4; lastKnownFileType = sourcecode.c.objc; path = TieziController.m; sourceTree = "<group>"; };
		41D685CF1D19371E00B4363A /* TieziDetailController.h */ = {isa = PBXFileReference; fileEncoding = 4; lastKnownFileType = sourcecode.c.h; path = TieziDetailController.h; sourceTree = "<group>"; };
		41D685D01D19371E00B4363A /* TieziDetailController.m */ = {isa = PBXFileReference; fileEncoding = 4; lastKnownFileType = sourcecode.c.objc; path = TieziDetailController.m; sourceTree = "<group>"; };
		41D685D11D19371E00B4363A /* TieziMarkViewController.h */ = {isa = PBXFileReference; fileEncoding = 4; lastKnownFileType = sourcecode.c.h; path = TieziMarkViewController.h; sourceTree = "<group>"; };
		41D685D21D19371E00B4363A /* TieziMarkViewController.m */ = {isa = PBXFileReference; fileEncoding = 4; lastKnownFileType = sourcecode.c.objc; path = TieziMarkViewController.m; sourceTree = "<group>"; };
		41D685D41D19371E00B4363A /* CusTiezi.h */ = {isa = PBXFileReference; fileEncoding = 4; lastKnownFileType = sourcecode.c.h; path = CusTiezi.h; sourceTree = "<group>"; };
		41D685D51D19371E00B4363A /* CusTiezi.m */ = {isa = PBXFileReference; fileEncoding = 4; lastKnownFileType = sourcecode.c.objc; path = CusTiezi.m; sourceTree = "<group>"; };
		41D685D71D19371E00B4363A /* CommentTool.h */ = {isa = PBXFileReference; fileEncoding = 4; lastKnownFileType = sourcecode.c.h; path = CommentTool.h; sourceTree = "<group>"; };
		41D685D81D19371E00B4363A /* CommentTool.m */ = {isa = PBXFileReference; fileEncoding = 4; lastKnownFileType = sourcecode.c.objc; path = CommentTool.m; sourceTree = "<group>"; };
		41D685D91D19371E00B4363A /* CommentTool.xib */ = {isa = PBXFileReference; fileEncoding = 4; lastKnownFileType = file.xib; path = CommentTool.xib; sourceTree = "<group>"; };
		41D685DA1D19371E00B4363A /* TieziCell.h */ = {isa = PBXFileReference; fileEncoding = 4; lastKnownFileType = sourcecode.c.h; path = TieziCell.h; sourceTree = "<group>"; };
		41D685DB1D19371E00B4363A /* TieziCell.m */ = {isa = PBXFileReference; fileEncoding = 4; lastKnownFileType = sourcecode.c.objc; path = TieziCell.m; sourceTree = "<group>"; };
		41D685DC1D19371E00B4363A /* TieziCell.xib */ = {isa = PBXFileReference; fileEncoding = 4; lastKnownFileType = file.xib; path = TieziCell.xib; sourceTree = "<group>"; };
		41DC8E031CF7058F00427C23 /* CusDetailController.h */ = {isa = PBXFileReference; fileEncoding = 4; lastKnownFileType = sourcecode.c.h; path = CusDetailController.h; sourceTree = "<group>"; };
		41DC8E041CF7058F00427C23 /* CusDetailController.m */ = {isa = PBXFileReference; fileEncoding = 4; lastKnownFileType = sourcecode.c.objc; path = CusDetailController.m; sourceTree = "<group>"; };
		41DC8E051CF7058F00427C23 /* CusNewsController.h */ = {isa = PBXFileReference; fileEncoding = 4; lastKnownFileType = sourcecode.c.h; path = CusNewsController.h; sourceTree = "<group>"; };
		41DC8E061CF7058F00427C23 /* CusNewsController.m */ = {isa = PBXFileReference; fileEncoding = 4; lastKnownFileType = sourcecode.c.objc; path = CusNewsController.m; sourceTree = "<group>"; };
		41DC8E081CF7058F00427C23 /* CusContents.h */ = {isa = PBXFileReference; fileEncoding = 4; lastKnownFileType = sourcecode.c.h; path = CusContents.h; sourceTree = "<group>"; };
		41DC8E091CF7058F00427C23 /* CusContents.m */ = {isa = PBXFileReference; fileEncoding = 4; lastKnownFileType = sourcecode.c.objc; path = CusContents.m; sourceTree = "<group>"; };
		41DC8E0A1CF7058F00427C23 /* CusNews.h */ = {isa = PBXFileReference; fileEncoding = 4; lastKnownFileType = sourcecode.c.h; path = CusNews.h; sourceTree = "<group>"; };
		41DC8E0B1CF7058F00427C23 /* CusNews.m */ = {isa = PBXFileReference; fileEncoding = 4; lastKnownFileType = sourcecode.c.objc; path = CusNews.m; sourceTree = "<group>"; };
		41DC8E0C1CF7058F00427C23 /* CusNewsRequest.h */ = {isa = PBXFileReference; fileEncoding = 4; lastKnownFileType = sourcecode.c.h; path = CusNewsRequest.h; sourceTree = "<group>"; };
		41DC8E0D1CF7058F00427C23 /* CusNewsRequest.m */ = {isa = PBXFileReference; fileEncoding = 4; lastKnownFileType = sourcecode.c.objc; path = CusNewsRequest.m; sourceTree = "<group>"; };
		41DC8E0F1CF7058F00427C23 /* CusNewsCell.h */ = {isa = PBXFileReference; fileEncoding = 4; lastKnownFileType = sourcecode.c.h; path = CusNewsCell.h; sourceTree = "<group>"; };
		41DC8E101CF7058F00427C23 /* CusNewsCell.m */ = {isa = PBXFileReference; fileEncoding = 4; lastKnownFileType = sourcecode.c.objc; path = CusNewsCell.m; sourceTree = "<group>"; };
		41DC8E111CF7058F00427C23 /* CusNewsCell.xib */ = {isa = PBXFileReference; fileEncoding = 4; lastKnownFileType = file.xib; path = CusNewsCell.xib; sourceTree = "<group>"; };
		41EDC37B1D11224A00BDD264 /* ActivityController.h */ = {isa = PBXFileReference; fileEncoding = 4; lastKnownFileType = sourcecode.c.h; name = ActivityController.h; path = "XCFApp/Classes/活动/controller/ActivityController.h"; sourceTree = SOURCE_ROOT; };
		41EDC37C1D11224A00BDD264 /* ActivityController.m */ = {isa = PBXFileReference; fileEncoding = 4; lastKnownFileType = sourcecode.c.objc; name = ActivityController.m; path = "XCFApp/Classes/活动/controller/ActivityController.m"; sourceTree = SOURCE_ROOT; };
		41EDC37E1D1122BF00BDD264 /* ActivityCell.h */ = {isa = PBXFileReference; fileEncoding = 4; lastKnownFileType = sourcecode.c.h; name = ActivityCell.h; path = "XCFApp/Classes/活动/view/ActivityCell.h"; sourceTree = SOURCE_ROOT; };
		41EDC37F1D1122BF00BDD264 /* ActivityCell.m */ = {isa = PBXFileReference; fileEncoding = 4; lastKnownFileType = sourcecode.c.objc; name = ActivityCell.m; path = "XCFApp/Classes/活动/view/ActivityCell.m"; sourceTree = SOURCE_ROOT; };
		41EDC3801D1122BF00BDD264 /* ActivityCell.xib */ = {isa = PBXFileReference; fileEncoding = 4; lastKnownFileType = file.xib; name = ActivityCell.xib; path = "XCFApp/Classes/活动/view/ActivityCell.xib"; sourceTree = SOURCE_ROOT; };
		41FE84451D112BCD004C9774 /* CusActivity.h */ = {isa = PBXFileReference; fileEncoding = 4; lastKnownFileType = sourcecode.c.h; name = CusActivity.h; path = "XCFApp/Classes/活动/model/CusActivity.h"; sourceTree = SOURCE_ROOT; };
		41FE84461D112BCD004C9774 /* CusActivity.m */ = {isa = PBXFileReference; fileEncoding = 4; lastKnownFileType = sourcecode.c.objc; name = CusActivity.m; path = "XCFApp/Classes/活动/model/CusActivity.m"; sourceTree = SOURCE_ROOT; };
		41FE84481D112C47004C9774 /* ActivityLists.plist */ = {isa = PBXFileReference; fileEncoding = 4; lastKnownFileType = text.plist.xml; name = ActivityLists.plist; path = "XCFApp/Classes/活动/ActivityLists.plist"; sourceTree = SOURCE_ROOT; };
		9187FAEE9289B0E81FE92E6E /* Pods-XCFApp.release.xcconfig */ = {isa = PBXFileReference; includeInIndex = 1; lastKnownFileType = text.xcconfig; name = "Pods-XCFApp.release.xcconfig"; path = "Pods/Target Support Files/Pods-XCFApp/Pods-XCFApp.release.xcconfig"; sourceTree = "<group>"; };
		D4074F651CD207E200811CDF /* TFApp.app */ = {isa = PBXFileReference; explicitFileType = wrapper.application; includeInIndex = 0; path = TFApp.app; sourceTree = BUILT_PRODUCTS_DIR; };
		D4074F7E1CD207E200811CDF /* TFApp.xctest */ = {isa = PBXFileReference; explicitFileType = wrapper.cfbundle; includeInIndex = 0; path = TFApp.xctest; sourceTree = BUILT_PRODUCTS_DIR; };
		D4074F821CD207E200811CDF /* XCFAppTests.m */ = {isa = PBXFileReference; lastKnownFileType = sourcecode.c.objc; path = XCFAppTests.m; sourceTree = "<group>"; };
		D4074F841CD207E200811CDF /* Info.plist */ = {isa = PBXFileReference; lastKnownFileType = text.plist.xml; path = Info.plist; sourceTree = "<group>"; };
		D4074F891CD207E200811CDF /* TFApp.xctest */ = {isa = PBXFileReference; explicitFileType = wrapper.cfbundle; includeInIndex = 0; path = TFApp.xctest; sourceTree = BUILT_PRODUCTS_DIR; };
		D4074F8D1CD207E200811CDF /* XCFAppUITests.m */ = {isa = PBXFileReference; lastKnownFileType = sourcecode.c.objc; path = XCFAppUITests.m; sourceTree = "<group>"; };
		D4074F8F1CD207E200811CDF /* Info.plist */ = {isa = PBXFileReference; lastKnownFileType = text.plist.xml; path = Info.plist; sourceTree = "<group>"; };
		D407525D1CD20E5600811CDF /* Assets.xcassets */ = {isa = PBXFileReference; lastKnownFileType = folder.assetcatalog; name = Assets.xcassets; path = "Supporting Files/Assets.xcassets"; sourceTree = "<group>"; };
		D407525F1CD20E5E00811CDF /* Info.plist */ = {isa = PBXFileReference; fileEncoding = 4; lastKnownFileType = text.plist.xml; name = Info.plist; path = "Supporting Files/Info.plist"; sourceTree = "<group>"; };
		D40753A61CD2378000811CDF /* XCFSearchResultViewController.h */ = {isa = PBXFileReference; fileEncoding = 4; lastKnownFileType = sourcecode.c.h; path = XCFSearchResultViewController.h; sourceTree = "<group>"; };
		D40753A71CD2378000811CDF /* XCFSearchResultViewController.m */ = {isa = PBXFileReference; fileEncoding = 4; lastKnownFileType = sourcecode.c.objc; path = XCFSearchResultViewController.m; sourceTree = "<group>"; };
		D40753A81CD2378000811CDF /* XCFSearchViewController.h */ = {isa = PBXFileReference; fileEncoding = 4; lastKnownFileType = sourcecode.c.h; path = XCFSearchViewController.h; sourceTree = "<group>"; };
		D40753A91CD2378000811CDF /* XCFSearchViewController.m */ = {isa = PBXFileReference; fileEncoding = 4; lastKnownFileType = sourcecode.c.objc; path = XCFSearchViewController.m; sourceTree = "<group>"; };
		D40753AB1CD2378000811CDF /* XCFSearchKeywordsTool.h */ = {isa = PBXFileReference; fileEncoding = 4; lastKnownFileType = sourcecode.c.h; path = XCFSearchKeywordsTool.h; sourceTree = "<group>"; };
		D40753AC1CD2378000811CDF /* XCFSearchKeywordsTool.m */ = {isa = PBXFileReference; fileEncoding = 4; lastKnownFileType = sourcecode.c.objc; path = XCFSearchKeywordsTool.m; sourceTree = "<group>"; };
		D40753AE1CD2378000811CDF /* XCFSearchViewFooter.h */ = {isa = PBXFileReference; fileEncoding = 4; lastKnownFileType = sourcecode.c.h; path = XCFSearchViewFooter.h; sourceTree = "<group>"; };
		D40753AF1CD2378000811CDF /* XCFSearchViewFooter.m */ = {isa = PBXFileReference; fileEncoding = 4; lastKnownFileType = sourcecode.c.objc; path = XCFSearchViewFooter.m; sourceTree = "<group>"; };
		D40753B01CD2378000811CDF /* XCFSearchViewHeader.h */ = {isa = PBXFileReference; fileEncoding = 4; lastKnownFileType = sourcecode.c.h; path = XCFSearchViewHeader.h; sourceTree = "<group>"; };
		D40753B11CD2378000811CDF /* XCFSearchViewHeader.m */ = {isa = PBXFileReference; fileEncoding = 4; lastKnownFileType = sourcecode.c.objc; path = XCFSearchViewHeader.m; sourceTree = "<group>"; };
		D40753DD1CD2378000811CDF /* AppDelegate.h */ = {isa = PBXFileReference; fileEncoding = 4; lastKnownFileType = sourcecode.c.h; path = AppDelegate.h; sourceTree = "<group>"; };
		D40753DE1CD2378000811CDF /* AppDelegate.m */ = {isa = PBXFileReference; fileEncoding = 4; lastKnownFileType = sourcecode.c.objc; path = AppDelegate.m; sourceTree = "<group>"; };
		D40753E01CD2378000811CDF /* NSDate+Extension.h */ = {isa = PBXFileReference; fileEncoding = 4; lastKnownFileType = sourcecode.c.h; path = "NSDate+Extension.h"; sourceTree = "<group>"; };
		D40753E11CD2378000811CDF /* NSDate+Extension.m */ = {isa = PBXFileReference; fileEncoding = 4; lastKnownFileType = sourcecode.c.objc; path = "NSDate+Extension.m"; sourceTree = "<group>"; };
		D40753E21CD2378000811CDF /* NSString+Extension.h */ = {isa = PBXFileReference; fileEncoding = 4; lastKnownFileType = sourcecode.c.h; path = "NSString+Extension.h"; sourceTree = "<group>"; };
		D40753E31CD2378000811CDF /* NSString+Extension.m */ = {isa = PBXFileReference; fileEncoding = 4; lastKnownFileType = sourcecode.c.objc; path = "NSString+Extension.m"; sourceTree = "<group>"; };
		D40753E41CD2378000811CDF /* UIBarButtonItem+Extension.h */ = {isa = PBXFileReference; fileEncoding = 4; lastKnownFileType = sourcecode.c.h; path = "UIBarButtonItem+Extension.h"; sourceTree = "<group>"; };
		D40753E51CD2378000811CDF /* UIBarButtonItem+Extension.m */ = {isa = PBXFileReference; fileEncoding = 4; lastKnownFileType = sourcecode.c.objc; path = "UIBarButtonItem+Extension.m"; sourceTree = "<group>"; };
		D40753E61CD2378000811CDF /* UIButton+Extension.h */ = {isa = PBXFileReference; fileEncoding = 4; lastKnownFileType = sourcecode.c.h; path = "UIButton+Extension.h"; sourceTree = "<group>"; };
		D40753E71CD2378000811CDF /* UIButton+Extension.m */ = {isa = PBXFileReference; fileEncoding = 4; lastKnownFileType = sourcecode.c.objc; path = "UIButton+Extension.m"; sourceTree = "<group>"; };
		D40753E81CD2378000811CDF /* UIImage+Extension.h */ = {isa = PBXFileReference; fileEncoding = 4; lastKnownFileType = sourcecode.c.h; path = "UIImage+Extension.h"; sourceTree = "<group>"; };
		D40753E91CD2378000811CDF /* UIImage+Extension.m */ = {isa = PBXFileReference; fileEncoding = 4; lastKnownFileType = sourcecode.c.objc; path = "UIImage+Extension.m"; sourceTree = "<group>"; };
		D40753EA1CD2378000811CDF /* UIImageView+Extension.h */ = {isa = PBXFileReference; fileEncoding = 4; lastKnownFileType = sourcecode.c.h; path = "UIImageView+Extension.h"; sourceTree = "<group>"; };
		D40753EB1CD2378000811CDF /* UIImageView+Extension.m */ = {isa = PBXFileReference; fileEncoding = 4; lastKnownFileType = sourcecode.c.objc; path = "UIImageView+Extension.m"; sourceTree = "<group>"; };
		D40753EC1CD2378000811CDF /* UILabel+Extension.h */ = {isa = PBXFileReference; fileEncoding = 4; lastKnownFileType = sourcecode.c.h; path = "UILabel+Extension.h"; sourceTree = "<group>"; };
		D40753ED1CD2378000811CDF /* UILabel+Extension.m */ = {isa = PBXFileReference; fileEncoding = 4; lastKnownFileType = sourcecode.c.objc; path = "UILabel+Extension.m"; sourceTree = "<group>"; };
		D40753EE1CD2378000811CDF /* UIViewController+Extension.h */ = {isa = PBXFileReference; fileEncoding = 4; lastKnownFileType = sourcecode.c.h; path = "UIViewController+Extension.h"; sourceTree = "<group>"; };
		D40753EF1CD2378000811CDF /* UIViewController+Extension.m */ = {isa = PBXFileReference; fileEncoding = 4; lastKnownFileType = sourcecode.c.objc; path = "UIViewController+Extension.m"; sourceTree = "<group>"; };
		D40753FA1CD2378000811CDF /* XCFNavigationController.h */ = {isa = PBXFileReference; fileEncoding = 4; lastKnownFileType = sourcecode.c.h; path = XCFNavigationController.h; sourceTree = "<group>"; };
		D40753FB1CD2378000811CDF /* XCFNavigationController.m */ = {isa = PBXFileReference; fileEncoding = 4; lastKnownFileType = sourcecode.c.objc; path = XCFNavigationController.m; sourceTree = "<group>"; };
		D40753FC1CD2378000811CDF /* XCFTabBarController.h */ = {isa = PBXFileReference; fileEncoding = 4; lastKnownFileType = sourcecode.c.h; path = XCFTabBarController.h; sourceTree = "<group>"; };
		D40753FD1CD2378000811CDF /* XCFTabBarController.m */ = {isa = PBXFileReference; fileEncoding = 4; lastKnownFileType = sourcecode.c.objc; path = XCFTabBarController.m; sourceTree = "<group>"; };
		D40753FE1CD2378000811CDF /* main.m */ = {isa = PBXFileReference; fileEncoding = 4; lastKnownFileType = sourcecode.c.objc; path = main.m; sourceTree = "<group>"; };
		D40753FF1CD2378000811CDF /* PrefixHeader.pch */ = {isa = PBXFileReference; fileEncoding = 4; lastKnownFileType = sourcecode.c.h; path = PrefixHeader.pch; sourceTree = "<group>"; };
		D40754011CD2378000811CDF /* XCFCity.h */ = {isa = PBXFileReference; fileEncoding = 4; lastKnownFileType = sourcecode.c.h; path = XCFCity.h; sourceTree = "<group>"; };
		D40754021CD2378000811CDF /* XCFCity.m */ = {isa = PBXFileReference; fileEncoding = 4; lastKnownFileType = sourcecode.c.objc; path = XCFCity.m; sourceTree = "<group>"; };
		D40754031CD2378000811CDF /* XCFDetailArea.h */ = {isa = PBXFileReference; fileEncoding = 4; lastKnownFileType = sourcecode.c.h; path = XCFDetailArea.h; sourceTree = "<group>"; };
		D40754041CD2378000811CDF /* XCFDetailArea.m */ = {isa = PBXFileReference; fileEncoding = 4; lastKnownFileType = sourcecode.c.objc; path = XCFDetailArea.m; sourceTree = "<group>"; };
		D40754051CD2378000811CDF /* XCFDetailCity.h */ = {isa = PBXFileReference; fileEncoding = 4; lastKnownFileType = sourcecode.c.h; path = XCFDetailCity.h; sourceTree = "<group>"; };
		D40754061CD2378000811CDF /* XCFDetailCity.m */ = {isa = PBXFileReference; fileEncoding = 4; lastKnownFileType = sourcecode.c.objc; path = XCFDetailCity.m; sourceTree = "<group>"; };
		D40754071CD2378000811CDF /* XCFDetailLocation.h */ = {isa = PBXFileReference; fileEncoding = 4; lastKnownFileType = sourcecode.c.h; path = XCFDetailLocation.h; sourceTree = "<group>"; };
		D40754081CD2378000811CDF /* XCFDetailLocation.m */ = {isa = PBXFileReference; fileEncoding = 4; lastKnownFileType = sourcecode.c.objc; path = XCFDetailLocation.m; sourceTree = "<group>"; };
		D40754091CD2378000811CDF /* XCFLocation.h */ = {isa = PBXFileReference; fileEncoding = 4; lastKnownFileType = sourcecode.c.h; path = XCFLocation.h; sourceTree = "<group>"; };
		D407540A1CD2378000811CDF /* XCFLocation.m */ = {isa = PBXFileReference; fileEncoding = 4; lastKnownFileType = sourcecode.c.objc; path = XCFLocation.m; sourceTree = "<group>"; };
		D407552A1CD2380900811CDF /* XCFMeController.h */ = {isa = PBXFileReference; fileEncoding = 4; lastKnownFileType = sourcecode.c.h; path = XCFMeController.h; sourceTree = "<group>"; };
		D407552B1CD2380900811CDF /* XCFMeController.m */ = {isa = PBXFileReference; fileEncoding = 4; lastKnownFileType = sourcecode.c.objc; path = XCFMeController.m; sourceTree = "<group>"; };
		D407552D1CD2380900811CDF /* XCFAuthor.h */ = {isa = PBXFileReference; fileEncoding = 4; lastKnownFileType = sourcecode.c.h; path = XCFAuthor.h; sourceTree = "<group>"; };
		D407552E1CD2380900811CDF /* XCFAuthor.m */ = {isa = PBXFileReference; fileEncoding = 4; lastKnownFileType = sourcecode.c.objc; path = XCFAuthor.m; sourceTree = "<group>"; };
		D407552F1CD2380900811CDF /* XCFAuthorDetail.h */ = {isa = PBXFileReference; fileEncoding = 4; lastKnownFileType = sourcecode.c.h; path = XCFAuthorDetail.h; sourceTree = "<group>"; };
		D40755301CD2380900811CDF /* XCFAuthorDetail.m */ = {isa = PBXFileReference; fileEncoding = 4; lastKnownFileType = sourcecode.c.objc; path = XCFAuthorDetail.m; sourceTree = "<group>"; };
		D40755491CD2381100811CDF /* XCFProfileEditingController.h */ = {isa = PBXFileReference; fileEncoding = 4; lastKnownFileType = sourcecode.c.h; path = XCFProfileEditingController.h; sourceTree = "<group>"; };
		D407554A1CD2381100811CDF /* XCFProfileEditingController.m */ = {isa = PBXFileReference; fileEncoding = 4; lastKnownFileType = sourcecode.c.objc; path = XCFProfileEditingController.m; sourceTree = "<group>"; };
		D407554B1CD2381100811CDF /* XCFSettingViewController.h */ = {isa = PBXFileReference; fileEncoding = 4; lastKnownFileType = sourcecode.c.h; path = XCFSettingViewController.h; sourceTree = "<group>"; };
		D407554C1CD2381100811CDF /* XCFSettingViewController.m */ = {isa = PBXFileReference; fileEncoding = 4; lastKnownFileType = sourcecode.c.objc; path = XCFSettingViewController.m; sourceTree = "<group>"; };
		D40755501CD2381100811CDF /* XCFAddressInfo.h */ = {isa = PBXFileReference; fileEncoding = 4; lastKnownFileType = sourcecode.c.h; path = XCFAddressInfo.h; sourceTree = "<group>"; };
		D40755511CD2381100811CDF /* XCFAddressInfo.m */ = {isa = PBXFileReference; fileEncoding = 4; lastKnownFileType = sourcecode.c.objc; path = XCFAddressInfo.m; sourceTree = "<group>"; };
		D40755521CD2381100811CDF /* XCFAddressInfoTool.h */ = {isa = PBXFileReference; fileEncoding = 4; lastKnownFileType = sourcecode.c.h; path = XCFAddressInfoTool.h; sourceTree = "<group>"; };
		D40755531CD2381100811CDF /* XCFAddressInfoTool.m */ = {isa = PBXFileReference; fileEncoding = 4; lastKnownFileType = sourcecode.c.objc; path = XCFAddressInfoTool.m; sourceTree = "<group>"; };
		D40755541CD2381100811CDF /* XCFMyInfo.h */ = {isa = PBXFileReference; fileEncoding = 4; lastKnownFileType = sourcecode.c.h; path = XCFMyInfo.h; sourceTree = "<group>"; };
		D40755551CD2381100811CDF /* XCFMyInfo.m */ = {isa = PBXFileReference; fileEncoding = 4; lastKnownFileType = sourcecode.c.objc; path = XCFMyInfo.m; sourceTree = "<group>"; };
		D40755581CD2381100811CDF /* XCFEditingBirthAndGenderCell.h */ = {isa = PBXFileReference; fileEncoding = 4; lastKnownFileType = sourcecode.c.h; path = XCFEditingBirthAndGenderCell.h; sourceTree = "<group>"; };
		D40755591CD2381100811CDF /* XCFEditingBirthAndGenderCell.m */ = {isa = PBXFileReference; fileEncoding = 4; lastKnownFileType = sourcecode.c.objc; path = XCFEditingBirthAndGenderCell.m; sourceTree = "<group>"; };
		D407555A1CD2381100811CDF /* XCFEditingBirthAndGenderCell.xib */ = {isa = PBXFileReference; fileEncoding = 4; lastKnownFileType = file.xib; path = XCFEditingBirthAndGenderCell.xib; sourceTree = "<group>"; };
		D407555B1CD2381100811CDF /* XCFEditingDescCell.h */ = {isa = PBXFileReference; fileEncoding = 4; lastKnownFileType = sourcecode.c.h; path = XCFEditingDescCell.h; sourceTree = "<group>"; };
		D407555C1CD2381100811CDF /* XCFEditingDescCell.m */ = {isa = PBXFileReference; fileEncoding = 4; lastKnownFileType = sourcecode.c.objc; path = XCFEditingDescCell.m; sourceTree = "<group>"; };
		D407555D1CD2381100811CDF /* XCFEditingDescCell.xib */ = {isa = PBXFileReference; fileEncoding = 4; lastKnownFileType = file.xib; path = XCFEditingDescCell.xib; sourceTree = "<group>"; };
		D407555E1CD2381100811CDF /* XCFEditingLocationCell.h */ = {isa = PBXFileReference; fileEncoding = 4; lastKnownFileType = sourcecode.c.h; path = XCFEditingLocationCell.h; sourceTree = "<group>"; };
		D407555F1CD2381100811CDF /* XCFEditingLocationCell.m */ = {isa = PBXFileReference; fileEncoding = 4; lastKnownFileType = sourcecode.c.objc; path = XCFEditingLocationCell.m; sourceTree = "<group>"; };
		D40755601CD2381100811CDF /* XCFEditingLocationCell.xib */ = {isa = PBXFileReference; fileEncoding = 4; lastKnownFileType = file.xib; path = XCFEditingLocationCell.xib; sourceTree = "<group>"; };
		D40755611CD2381100811CDF /* XCFEditingTextCell.h */ = {isa = PBXFileReference; fileEncoding = 4; lastKnownFileType = sourcecode.c.h; path = XCFEditingTextCell.h; sourceTree = "<group>"; };
		D40755621CD2381100811CDF /* XCFEditingTextCell.m */ = {isa = PBXFileReference; fileEncoding = 4; lastKnownFileType = sourcecode.c.objc; path = XCFEditingTextCell.m; sourceTree = "<group>"; };
		D40755631CD2381100811CDF /* XCFEditingTextCell.xib */ = {isa = PBXFileReference; fileEncoding = 4; lastKnownFileType = file.xib; path = XCFEditingTextCell.xib; sourceTree = "<group>"; };
		D40755641CD2381100811CDF /* XCFProfileEditingHeader.h */ = {isa = PBXFileReference; fileEncoding = 4; lastKnownFileType = sourcecode.c.h; path = XCFProfileEditingHeader.h; sourceTree = "<group>"; };
		D40755651CD2381100811CDF /* XCFProfileEditingHeader.m */ = {isa = PBXFileReference; fileEncoding = 4; lastKnownFileType = sourcecode.c.objc; path = XCFProfileEditingHeader.m; sourceTree = "<group>"; };
		D40755661CD2381100811CDF /* XCFProfileEditingHeader.xib */ = {isa = PBXFileReference; fileEncoding = 4; lastKnownFileType = file.xib; path = XCFProfileEditingHeader.xib; sourceTree = "<group>"; };
		D40755701CD2381100811CDF /* XCFMyInfoCell.h */ = {isa = PBXFileReference; fileEncoding = 4; lastKnownFileType = sourcecode.c.h; path = XCFMyInfoCell.h; sourceTree = "<group>"; };
		D40755711CD2381100811CDF /* XCFMyInfoCell.m */ = {isa = PBXFileReference; fileEncoding = 4; lastKnownFileType = sourcecode.c.objc; path = XCFMyInfoCell.m; sourceTree = "<group>"; };
		D40755721CD2381100811CDF /* XCFMyInfoCell.xib */ = {isa = PBXFileReference; fileEncoding = 4; lastKnownFileType = file.xib; path = XCFMyInfoCell.xib; sourceTree = "<group>"; };
		D40755731CD2381100811CDF /* XCFSettingFooter.h */ = {isa = PBXFileReference; fileEncoding = 4; lastKnownFileType = sourcecode.c.h; path = XCFSettingFooter.h; sourceTree = "<group>"; };
		D40755741CD2381100811CDF /* XCFSettingFooter.m */ = {isa = PBXFileReference; fileEncoding = 4; lastKnownFileType = sourcecode.c.objc; path = XCFSettingFooter.m; sourceTree = "<group>"; };
		D407558F1CD238D000811CDF /* breakfast.json */ = {isa = PBXFileReference; fileEncoding = 4; lastKnownFileType = text.json; path = breakfast.json; sourceTree = "<group>"; };
		D40755901CD238D000811CDF /* location.json */ = {isa = PBXFileReference; fileEncoding = 4; lastKnownFileType = text.json; path = location.json; sourceTree = "<group>"; };
		D40755941CD23A3200811CDF /* cart_items.plist */ = {isa = PBXFileReference; fileEncoding = 4; lastKnownFileType = text.plist.xml; path = cart_items.plist; sourceTree = "<group>"; };
		D40755951CD23A3200811CDF /* comment.plist */ = {isa = PBXFileReference; fileEncoding = 4; lastKnownFileType = text.plist.xml; path = comment.plist; sourceTree = "<group>"; };
		D40755961CD23A3200811CDF /* detaillocation.plist */ = {isa = PBXFileReference; lastKnownFileType = file.bplist; path = detaillocation.plist; sourceTree = "<group>"; };
		D40755971CD23A3200811CDF /* Ingredient.plist */ = {isa = PBXFileReference; fileEncoding = 4; lastKnownFileType = text.plist.xml; path = Ingredient.plist; sourceTree = "<group>"; };
		D40755981CD23A3200811CDF /* keywords.plist */ = {isa = PBXFileReference; fileEncoding = 4; lastKnownFileType = text.plist.xml; path = keywords.plist; sourceTree = "<group>"; };
/* End PBXFileReference section */

/* Begin PBXFrameworksBuildPhase section */
		D4074F621CD207E200811CDF /* Frameworks */ = {
			isa = PBXFrameworksBuildPhase;
			buildActionMask = 2147483647;
			files = (
				56C7E7771BBB489837FE88FD /* libPods-XCFApp.a in Frameworks */,
			);
			runOnlyForDeploymentPostprocessing = 0;
		};
		D4074F7B1CD207E200811CDF /* Frameworks */ = {
			isa = PBXFrameworksBuildPhase;
			buildActionMask = 2147483647;
			files = (
			);
			runOnlyForDeploymentPostprocessing = 0;
		};
		D4074F861CD207E200811CDF /* Frameworks */ = {
			isa = PBXFrameworksBuildPhase;
			buildActionMask = 2147483647;
			files = (
			);
			runOnlyForDeploymentPostprocessing = 0;
		};
/* End PBXFrameworksBuildPhase section */

/* Begin PBXGroup section */
		4145E2B11CF99E5D00822AA0 /* 登录 */ = {
			isa = PBXGroup;
			children = (
				4145E2B21CF99E8900822AA0 /* controller */,
				4145E2B31CF99E8900822AA0 /* model */,
				4145E2B41CF99E8900822AA0 /* view */,
			);
			path = "登录";
			sourceTree = "<group>";
		};
		4145E2B21CF99E8900822AA0 /* controller */ = {
			isa = PBXGroup;
			children = (
				4145E2B51CF99EB000822AA0 /* LoginController.h */,
				4145E2B61CF99EB000822AA0 /* LoginController.m */,
				4145E2B71CF99EB000822AA0 /* LoginController.xib */,
			);
			path = controller;
			sourceTree = "<group>";
		};
		4145E2B31CF99E8900822AA0 /* model */ = {
			isa = PBXGroup;
			children = (
			);
			path = model;
			sourceTree = "<group>";
		};
		4145E2B41CF99E8900822AA0 /* view */ = {
			isa = PBXGroup;
			children = (
			);
			path = view;
			sourceTree = "<group>";
		};
		4196544B1D1167590002629B /* web */ = {
			isa = PBXGroup;
			children = (
				4196544C1D11676D0002629B /* bootstrap */,
				419654601D11676D0002629B /* index.html */,
				419654611D11676D0002629B /* js */,
			);
			path = web;
			sourceTree = "<group>";
		};
		4196544C1D11676D0002629B /* bootstrap */ = {
			isa = PBXGroup;
			children = (
				4196544D1D11676D0002629B /* css */,
				419654561D11676D0002629B /* fonts */,
				4196545C1D11676D0002629B /* js */,
			);
			path = bootstrap;
			sourceTree = "<group>";
		};
		4196544D1D11676D0002629B /* css */ = {
			isa = PBXGroup;
			children = (
				4196544E1D11676D0002629B /* bootstrap-theme.css */,
				4196544F1D11676D0002629B /* bootstrap-theme.css.map */,
				419654501D11676D0002629B /* bootstrap-theme.min.css */,
				419654511D11676D0002629B /* bootstrap-theme.min.css.map */,
				419654521D11676D0002629B /* bootstrap.css */,
				419654531D11676D0002629B /* bootstrap.css.map */,
				419654541D11676D0002629B /* bootstrap.min.css */,
				419654551D11676D0002629B /* bootstrap.min.css.map */,
			);
			path = css;
			sourceTree = "<group>";
		};
		419654561D11676D0002629B /* fonts */ = {
			isa = PBXGroup;
			children = (
				419654571D11676D0002629B /* glyphicons-halflings-regular.eot */,
				419654581D11676D0002629B /* glyphicons-halflings-regular.svg */,
				419654591D11676D0002629B /* glyphicons-halflings-regular.ttf */,
				4196545A1D11676D0002629B /* glyphicons-halflings-regular.woff */,
				4196545B1D11676D0002629B /* glyphicons-halflings-regular.woff2 */,
			);
			path = fonts;
			sourceTree = "<group>";
		};
		4196545C1D11676D0002629B /* js */ = {
			isa = PBXGroup;
			children = (
				4196545D1D11676D0002629B /* bootstrap.js */,
				4196545E1D11676D0002629B /* bootstrap.min.js */,
				4196545F1D11676D0002629B /* npm.js */,
			);
			path = js;
			sourceTree = "<group>";
		};
		419654611D11676D0002629B /* js */ = {
			isa = PBXGroup;
			children = (
				419654621D11676D0002629B /* jquery-1.12.2.js */,
			);
			path = js;
			sourceTree = "<group>";
		};
		41D685C81D19371E00B4363A /* 帖子 */ = {
			isa = PBXGroup;
			children = (
				41D685C91D19371E00B4363A /* 帖子 */,
			);
			name = "帖子";
			path = "../../../tfapp/XCFApp/Classes/帖子";
			sourceTree = "<group>";
		};
		41D685C91D19371E00B4363A /* 帖子 */ = {
			isa = PBXGroup;
			children = (
				41D685CA1D19371E00B4363A /* Controller */,
				41D685D31D19371E00B4363A /* models */,
				41D685D61D19371E00B4363A /* views */,
			);
			path = "帖子";
			sourceTree = "<group>";
		};
		41D685CA1D19371E00B4363A /* Controller */ = {
			isa = PBXGroup;
			children = (
				41D685CB1D19371E00B4363A /* EditController.h */,
				41D685CC1D19371E00B4363A /* EditController.m */,
				41D685CD1D19371E00B4363A /* TieziController.h */,
				41D685CE1D19371E00B4363A /* TieziController.m */,
				41D685CF1D19371E00B4363A /* TieziDetailController.h */,
				41D685D01D19371E00B4363A /* TieziDetailController.m */,
				41D685D11D19371E00B4363A /* TieziMarkViewController.h */,
				41D685D21D19371E00B4363A /* TieziMarkViewController.m */,
			);
			path = Controller;
			sourceTree = "<group>";
		};
		41D685D31D19371E00B4363A /* models */ = {
			isa = PBXGroup;
			children = (
				41D685D41D19371E00B4363A /* CusTiezi.h */,
				41D685D51D19371E00B4363A /* CusTiezi.m */,
			);
			path = models;
			sourceTree = "<group>";
		};
		41D685D61D19371E00B4363A /* views */ = {
			isa = PBXGroup;
			children = (
				41D685D71D19371E00B4363A /* CommentTool.h */,
				41D685D81D19371E00B4363A /* CommentTool.m */,
				41D685D91D19371E00B4363A /* CommentTool.xib */,
				41D685DA1D19371E00B4363A /* TieziCell.h */,
				41D685DB1D19371E00B4363A /* TieziCell.m */,
				41D685DC1D19371E00B4363A /* TieziCell.xib */,
			);
			path = views;
			sourceTree = "<group>";
		};
		41DC8E011CF7058F00427C23 /* 首页 */ = {
			isa = PBXGroup;
			children = (
				41DC8E021CF7058F00427C23 /* 控制器 */,
				41DC8E071CF7058F00427C23 /* 模型 */,
				41DC8E0E1CF7058F00427C23 /* 视图 */,
			);
			path = "首页";
			sourceTree = "<group>";
		};
		41DC8E021CF7058F00427C23 /* 控制器 */ = {
			isa = PBXGroup;
			children = (
				41DC8E031CF7058F00427C23 /* CusDetailController.h */,
				41DC8E041CF7058F00427C23 /* CusDetailController.m */,
				41DC8E051CF7058F00427C23 /* CusNewsController.h */,
				41DC8E061CF7058F00427C23 /* CusNewsController.m */,
			);
			path = "控制器";
			sourceTree = "<group>";
		};
		41DC8E071CF7058F00427C23 /* 模型 */ = {
			isa = PBXGroup;
			children = (
				41DC8E081CF7058F00427C23 /* CusContents.h */,
				41DC8E091CF7058F00427C23 /* CusContents.m */,
				41DC8E0A1CF7058F00427C23 /* CusNews.h */,
				41DC8E0B1CF7058F00427C23 /* CusNews.m */,
				41DC8E0C1CF7058F00427C23 /* CusNewsRequest.h */,
				41DC8E0D1CF7058F00427C23 /* CusNewsRequest.m */,
			);
			path = "模型";
			sourceTree = "<group>";
		};
		41DC8E0E1CF7058F00427C23 /* 视图 */ = {
			isa = PBXGroup;
			children = (
				41DC8E0F1CF7058F00427C23 /* CusNewsCell.h */,
				41DC8E101CF7058F00427C23 /* CusNewsCell.m */,
				41DC8E111CF7058F00427C23 /* CusNewsCell.xib */,
			);
			path = "视图";
			sourceTree = "<group>";
		};
		41EDC3771D1120D900BDD264 /* 活动 */ = {
			isa = PBXGroup;
			children = (
				4196544B1D1167590002629B /* web */,
				41EDC3781D1120D900BDD264 /* controller */,
				41EDC3791D1120D900BDD264 /* model */,
				41EDC37A1D1120D900BDD264 /* view */,
				41FE84481D112C47004C9774 /* ActivityLists.plist */,
			);
			name = "活动";
			path = "../../../tfapp/XCFApp/Classes/活动";
			sourceTree = "<group>";
		};
		41EDC3781D1120D900BDD264 /* controller */ = {
			isa = PBXGroup;
			children = (
				41EDC37B1D11224A00BDD264 /* ActivityController.h */,
				41EDC37C1D11224A00BDD264 /* ActivityController.m */,
				419654711D1177E10002629B /* AvtivityDetailController.h */,
				419654721D1177E10002629B /* AvtivityDetailController.m */,
			);
			path = controller;
			sourceTree = "<group>";
		};
		41EDC3791D1120D900BDD264 /* model */ = {
			isa = PBXGroup;
			children = (
				41FE84451D112BCD004C9774 /* CusActivity.h */,
				41FE84461D112BCD004C9774 /* CusActivity.m */,
			);
			path = model;
			sourceTree = "<group>";
		};
		41EDC37A1D1120D900BDD264 /* view */ = {
			isa = PBXGroup;
			children = (
				41EDC37E1D1122BF00BDD264 /* ActivityCell.h */,
				41EDC37F1D1122BF00BDD264 /* ActivityCell.m */,
				41EDC3801D1122BF00BDD264 /* ActivityCell.xib */,
			);
			path = view;
			sourceTree = "<group>";
		};
		5CD5AAF3F51D4AFB2A6D7754 /* Pods */ = {
			isa = PBXGroup;
			children = (
				1D1F7A3E8237131B9B03F313 /* Pods-XCFApp.debug.xcconfig */,
				9187FAEE9289B0E81FE92E6E /* Pods-XCFApp.release.xcconfig */,
			);
			name = Pods;
			sourceTree = "<group>";
		};
		79A040A7865884C20F046957 /* Frameworks */ = {
			isa = PBXGroup;
			children = (
				1B943ADB34F2252CAF87BC38 /* libPods-XCFApp.a */,
			);
			name = Frameworks;
			sourceTree = "<group>";
		};
		D4074F5C1CD207E200811CDF = {
			isa = PBXGroup;
			children = (
				D4074F671CD207E200811CDF /* XCFApp */,
				D4074F811CD207E200811CDF /* XCFAppTests */,
				D4074F8C1CD207E200811CDF /* XCFAppUITests */,
				D4074F661CD207E200811CDF /* Products */,
				5CD5AAF3F51D4AFB2A6D7754 /* Pods */,
				79A040A7865884C20F046957 /* Frameworks */,
			);
			sourceTree = "<group>";
		};
		D4074F661CD207E200811CDF /* Products */ = {
			isa = PBXGroup;
			children = (
				D4074F651CD207E200811CDF /* TFApp.app */,
				D4074F7E1CD207E200811CDF /* TFApp.xctest */,
				D4074F891CD207E200811CDF /* TFApp.xctest */,
			);
			name = Products;
			sourceTree = "<group>";
		};
		D4074F671CD207E200811CDF /* XCFApp */ = {
			isa = PBXGroup;
			children = (
				D40752621CD2378000811CDF /* Classes */,
				D4074F681CD207E200811CDF /* Supporting Files */,
			);
			path = XCFApp;
			sourceTree = "<group>";
		};
		D4074F681CD207E200811CDF /* Supporting Files */ = {
			isa = PBXGroup;
			children = (
				D407558E1CD238D000811CDF /* JSON */,
				D40755911CD238D000811CDF /* Plist */,
				D407525D1CD20E5600811CDF /* Assets.xcassets */,
				D407525F1CD20E5E00811CDF /* Info.plist */,
			);
			name = "Supporting Files";
			sourceTree = "<group>";
		};
		D4074F811CD207E200811CDF /* XCFAppTests */ = {
			isa = PBXGroup;
			children = (
				D4074F821CD207E200811CDF /* XCFAppTests.m */,
				D4074F841CD207E200811CDF /* Info.plist */,
			);
			path = XCFAppTests;
			sourceTree = "<group>";
		};
		D4074F8C1CD207E200811CDF /* XCFAppUITests */ = {
			isa = PBXGroup;
			children = (
				D4074F8D1CD207E200811CDF /* XCFAppUITests.m */,
				D4074F8F1CD207E200811CDF /* Info.plist */,
			);
			path = XCFAppUITests;
			sourceTree = "<group>";
		};
		D40752621CD2378000811CDF /* Classes */ = {
			isa = PBXGroup;
			children = (
				41D685C81D19371E00B4363A /* 帖子 */,
				41EDC3771D1120D900BDD264 /* 活动 */,
				4145E2B11CF99E5D00822AA0 /* 登录 */,
				D40752D61CD2378000811CDF /* TF */,
				D40755281CD2380900811CDF /* Me - 我 */,
				D40755451CD2381100811CDF /* Setting - 设置 */,
				D40753DC1CD2378000811CDF /* Other */,
			);
			path = Classes;
			sourceTree = "<group>";
		};
		D40752D61CD2378000811CDF /* TF */ = {
			isa = PBXGroup;
			children = (
				41DC8E011CF7058F00427C23 /* 首页 */,
				D40753A41CD2378000811CDF /* Search - 搜索 */,
			);
			name = TF;
			path = "Kitchen - 下厨房";
			sourceTree = "<group>";
		};
		D40753A41CD2378000811CDF /* Search - 搜索 */ = {
			isa = PBXGroup;
			children = (
				D40753A51CD2378000811CDF /* Controller */,
				D40753AA1CD2378000811CDF /* Model */,
				D40753AD1CD2378000811CDF /* View */,
			);
			path = "Search - 搜索";
			sourceTree = "<group>";
		};
		D40753A51CD2378000811CDF /* Controller */ = {
			isa = PBXGroup;
			children = (
				D40753A81CD2378000811CDF /* XCFSearchViewController.h */,
				D40753A91CD2378000811CDF /* XCFSearchViewController.m */,
				D40753A61CD2378000811CDF /* XCFSearchResultViewController.h */,
				D40753A71CD2378000811CDF /* XCFSearchResultViewController.m */,
			);
			path = Controller;
			sourceTree = "<group>";
		};
		D40753AA1CD2378000811CDF /* Model */ = {
			isa = PBXGroup;
			children = (
				D40753AB1CD2378000811CDF /* XCFSearchKeywordsTool.h */,
				D40753AC1CD2378000811CDF /* XCFSearchKeywordsTool.m */,
			);
			path = Model;
			sourceTree = "<group>";
		};
		D40753AD1CD2378000811CDF /* View */ = {
			isa = PBXGroup;
			children = (
				D40753AE1CD2378000811CDF /* XCFSearchViewFooter.h */,
				D40753AF1CD2378000811CDF /* XCFSearchViewFooter.m */,
				D40753B01CD2378000811CDF /* XCFSearchViewHeader.h */,
				D40753B11CD2378000811CDF /* XCFSearchViewHeader.m */,
			);
			path = View;
			sourceTree = "<group>";
		};
		D40753DC1CD2378000811CDF /* Other */ = {
			isa = PBXGroup;
			children = (
				4154D09F1D0FDF2C00E1F5D2 /* XCFSearchBar.h */,
				4154D0A01D0FDF2C00E1F5D2 /* XCFSearchBar.m */,
				D40753DF1CD2378000811CDF /* Category */,
				D40753F01CD2378000811CDF /* Const */,
				D40753F71CD2378000811CDF /* Controller */,
				D40754001CD2378000811CDF /* Tools */,
				D40753DD1CD2378000811CDF /* AppDelegate.h */,
				D40753DE1CD2378000811CDF /* AppDelegate.m */,
				D40753FE1CD2378000811CDF /* main.m */,
				D40753FF1CD2378000811CDF /* PrefixHeader.pch */,
			);
			path = Other;
			sourceTree = "<group>";
		};
		D40753DF1CD2378000811CDF /* Category */ = {
			isa = PBXGroup;
			children = (
				D40753E01CD2378000811CDF /* NSDate+Extension.h */,
				D40753E11CD2378000811CDF /* NSDate+Extension.m */,
				D40753E21CD2378000811CDF /* NSString+Extension.h */,
				D40753E31CD2378000811CDF /* NSString+Extension.m */,
				D40753E41CD2378000811CDF /* UIBarButtonItem+Extension.h */,
				D40753E51CD2378000811CDF /* UIBarButtonItem+Extension.m */,
				D40753E61CD2378000811CDF /* UIButton+Extension.h */,
				D40753E71CD2378000811CDF /* UIButton+Extension.m */,
				D40753E81CD2378000811CDF /* UIImage+Extension.h */,
				D40753E91CD2378000811CDF /* UIImage+Extension.m */,
				D40753EA1CD2378000811CDF /* UIImageView+Extension.h */,
				D40753EB1CD2378000811CDF /* UIImageView+Extension.m */,
				D40753EC1CD2378000811CDF /* UILabel+Extension.h */,
				D40753EE1CD2378000811CDF /* UIViewController+Extension.h */,
				D40753ED1CD2378000811CDF /* UILabel+Extension.m */,
				D40753EF1CD2378000811CDF /* UIViewController+Extension.m */,
			);
			path = Category;
			sourceTree = "<group>";
		};
		D40753F01CD2378000811CDF /* Const */ = {
			isa = PBXGroup;
			children = (
			);
			path = Const;
			sourceTree = "<group>";
		};
		D40753F71CD2378000811CDF /* Controller */ = {
			isa = PBXGroup;
			children = (
				D40753FA1CD2378000811CDF /* XCFNavigationController.h */,
				D40753FB1CD2378000811CDF /* XCFNavigationController.m */,
				D40753FC1CD2378000811CDF /* XCFTabBarController.h */,
				D40753FD1CD2378000811CDF /* XCFTabBarController.m */,
			);
			path = Controller;
			sourceTree = "<group>";
		};
		D40754001CD2378000811CDF /* Tools */ = {
			isa = PBXGroup;
			children = (
				D407559F1CD2730900811CDF /* DetailLocation */,
				D407559E1CD272FB00811CDF /* Location */,
			);
			path = Tools;
			sourceTree = "<group>";
		};
		D40755281CD2380900811CDF /* Me - 我 */ = {
			isa = PBXGroup;
			children = (
				D40755291CD2380900811CDF /* Controller */,
				D407552C1CD2380900811CDF /* Model */,
			);
			path = "Me - 我";
			sourceTree = "<group>";
		};
		D40755291CD2380900811CDF /* Controller */ = {
			isa = PBXGroup;
			children = (
				D407552A1CD2380900811CDF /* XCFMeController.h */,
				D407552B1CD2380900811CDF /* XCFMeController.m */,
			);
			path = Controller;
			sourceTree = "<group>";
		};
		D407552C1CD2380900811CDF /* Model */ = {
			isa = PBXGroup;
			children = (
				D407552D1CD2380900811CDF /* XCFAuthor.h */,
				D407552E1CD2380900811CDF /* XCFAuthor.m */,
				D407552F1CD2380900811CDF /* XCFAuthorDetail.h */,
				D40755301CD2380900811CDF /* XCFAuthorDetail.m */,
			);
			path = Model;
			sourceTree = "<group>";
		};
		D40755451CD2381100811CDF /* Setting - 设置 */ = {
			isa = PBXGroup;
			children = (
				D40755461CD2381100811CDF /* Controller */,
				D407554F1CD2381100811CDF /* Model */,
				D40755561CD2381100811CDF /* View */,
			);
			path = "Setting - 设置";
			sourceTree = "<group>";
		};
		D40755461CD2381100811CDF /* Controller */ = {
			isa = PBXGroup;
			children = (
				D40755491CD2381100811CDF /* XCFProfileEditingController.h */,
				D407554A1CD2381100811CDF /* XCFProfileEditingController.m */,
				D407554B1CD2381100811CDF /* XCFSettingViewController.h */,
				D407554C1CD2381100811CDF /* XCFSettingViewController.m */,
				4162F9BC1D124046000A8177 /* ContactsController.h */,
				4162F9BD1D124046000A8177 /* ContactsController.m */,
			);
			path = Controller;
			sourceTree = "<group>";
		};
		D407554F1CD2381100811CDF /* Model */ = {
			isa = PBXGroup;
			children = (
				D40755501CD2381100811CDF /* XCFAddressInfo.h */,
				D40755511CD2381100811CDF /* XCFAddressInfo.m */,
				D40755521CD2381100811CDF /* XCFAddressInfoTool.h */,
				D40755531CD2381100811CDF /* XCFAddressInfoTool.m */,
				D40755541CD2381100811CDF /* XCFMyInfo.h */,
				D40755551CD2381100811CDF /* XCFMyInfo.m */,
			);
			path = Model;
			sourceTree = "<group>";
		};
		D40755561CD2381100811CDF /* View */ = {
			isa = PBXGroup;
			children = (
				D40755571CD2381100811CDF /* ProfileEditing */,
				D40755701CD2381100811CDF /* XCFMyInfoCell.h */,
				D40755711CD2381100811CDF /* XCFMyInfoCell.m */,
				D40755721CD2381100811CDF /* XCFMyInfoCell.xib */,
				D40755731CD2381100811CDF /* XCFSettingFooter.h */,
				D40755741CD2381100811CDF /* XCFSettingFooter.m */,
			);
			path = View;
			sourceTree = "<group>";
		};
		D40755571CD2381100811CDF /* ProfileEditing */ = {
			isa = PBXGroup;
			children = (
				D40755581CD2381100811CDF /* XCFEditingBirthAndGenderCell.h */,
				D40755591CD2381100811CDF /* XCFEditingBirthAndGenderCell.m */,
				D407555A1CD2381100811CDF /* XCFEditingBirthAndGenderCell.xib */,
				D407555B1CD2381100811CDF /* XCFEditingDescCell.h */,
				D407555C1CD2381100811CDF /* XCFEditingDescCell.m */,
				D407555D1CD2381100811CDF /* XCFEditingDescCell.xib */,
				D407555E1CD2381100811CDF /* XCFEditingLocationCell.h */,
				D407555F1CD2381100811CDF /* XCFEditingLocationCell.m */,
				D40755601CD2381100811CDF /* XCFEditingLocationCell.xib */,
				D40755611CD2381100811CDF /* XCFEditingTextCell.h */,
				D40755621CD2381100811CDF /* XCFEditingTextCell.m */,
				D40755631CD2381100811CDF /* XCFEditingTextCell.xib */,
				D40755641CD2381100811CDF /* XCFProfileEditingHeader.h */,
				D40755651CD2381100811CDF /* XCFProfileEditingHeader.m */,
				D40755661CD2381100811CDF /* XCFProfileEditingHeader.xib */,
			);
			path = ProfileEditing;
			sourceTree = "<group>";
		};
		D407558E1CD238D000811CDF /* JSON */ = {
			isa = PBXGroup;
			children = (
				D407558F1CD238D000811CDF /* breakfast.json */,
				D40755901CD238D000811CDF /* location.json */,
			);
			name = JSON;
			path = "Supporting Files/JSON";
			sourceTree = "<group>";
		};
		D40755911CD238D000811CDF /* Plist */ = {
			isa = PBXGroup;
			children = (
				D40755941CD23A3200811CDF /* cart_items.plist */,
				D40755951CD23A3200811CDF /* comment.plist */,
				D40755961CD23A3200811CDF /* detaillocation.plist */,
				D40755971CD23A3200811CDF /* Ingredient.plist */,
				D40755981CD23A3200811CDF /* keywords.plist */,
			);
			name = Plist;
			path = "Supporting Files/Plist";
			sourceTree = "<group>";
		};
		D407559E1CD272FB00811CDF /* Location */ = {
			isa = PBXGroup;
			children = (
				D40754011CD2378000811CDF /* XCFCity.h */,
				D40754021CD2378000811CDF /* XCFCity.m */,
				D40754091CD2378000811CDF /* XCFLocation.h */,
				D407540A1CD2378000811CDF /* XCFLocation.m */,
			);
			name = Location;
			sourceTree = "<group>";
		};
		D407559F1CD2730900811CDF /* DetailLocation */ = {
			isa = PBXGroup;
			children = (
				D40754031CD2378000811CDF /* XCFDetailArea.h */,
				D40754041CD2378000811CDF /* XCFDetailArea.m */,
				D40754051CD2378000811CDF /* XCFDetailCity.h */,
				D40754061CD2378000811CDF /* XCFDetailCity.m */,
				D40754071CD2378000811CDF /* XCFDetailLocation.h */,
				D40754081CD2378000811CDF /* XCFDetailLocation.m */,
			);
			name = DetailLocation;
			sourceTree = "<group>";
		};
/* End PBXGroup section */

/* Begin PBXNativeTarget section */
		D4074F641CD207E200811CDF /* TFApp */ = {
			isa = PBXNativeTarget;
			buildConfigurationList = D4074F921CD207E200811CDF /* Build configuration list for PBXNativeTarget "TFApp" */;
			buildPhases = (
				37F68642747766448C9A9176 /* 📦 Check Pods Manifest.lock */,
				D4074F611CD207E200811CDF /* Sources */,
				D4074F621CD207E200811CDF /* Frameworks */,
				D4074F631CD207E200811CDF /* Resources */,
				2CB60F7420698BD63ED9D8FF /* 📦 Embed Pods Frameworks */,
				4F77FFC1EC88112446EC14BC /* 📦 Copy Pods Resources */,
			);
			buildRules = (
			);
			dependencies = (
			);
			name = TFApp;
			productName = XCFApp;
			productReference = D4074F651CD207E200811CDF /* TFApp.app */;
			productType = "com.apple.product-type.application";
		};
		D4074F7D1CD207E200811CDF /* TFAppTests */ = {
			isa = PBXNativeTarget;
			buildConfigurationList = D4074F951CD207E200811CDF /* Build configuration list for PBXNativeTarget "TFAppTests" */;
			buildPhases = (
				D4074F7A1CD207E200811CDF /* Sources */,
				D4074F7B1CD207E200811CDF /* Frameworks */,
				D4074F7C1CD207E200811CDF /* Resources */,
			);
			buildRules = (
			);
			dependencies = (
				D4074F801CD207E200811CDF /* PBXTargetDependency */,
			);
			name = TFAppTests;
			productName = XCFAppTests;
			productReference = D4074F7E1CD207E200811CDF /* TFApp.xctest */;
			productType = "com.apple.product-type.bundle.unit-test";
		};
		D4074F881CD207E200811CDF /* TFAppUITests */ = {
			isa = PBXNativeTarget;
			buildConfigurationList = D4074F981CD207E200811CDF /* Build configuration list for PBXNativeTarget "TFAppUITests" */;
			buildPhases = (
				D4074F851CD207E200811CDF /* Sources */,
				D4074F861CD207E200811CDF /* Frameworks */,
				D4074F871CD207E200811CDF /* Resources */,
			);
			buildRules = (
			);
			dependencies = (
				D4074F8B1CD207E200811CDF /* PBXTargetDependency */,
			);
			name = TFAppUITests;
			productName = XCFAppUITests;
			productReference = D4074F891CD207E200811CDF /* TFApp.xctest */;
			productType = "com.apple.product-type.bundle.ui-testing";
		};
/* End PBXNativeTarget section */

/* Begin PBXProject section */
		D4074F5D1CD207E200811CDF /* Project object */ = {
			isa = PBXProject;
			attributes = {
				LastUpgradeCheck = 0720;
				ORGANIZATIONNAME = Joey;
				TargetAttributes = {
					D4074F641CD207E200811CDF = {
						CreatedOnToolsVersion = 7.2;
						DevelopmentTeam = 4479LJUVGN;
					};
					D4074F7D1CD207E200811CDF = {
						CreatedOnToolsVersion = 7.2;
						TestTargetID = D4074F641CD207E200811CDF;
					};
					D4074F881CD207E200811CDF = {
						CreatedOnToolsVersion = 7.2;
						TestTargetID = D4074F641CD207E200811CDF;
					};
				};
			};
			buildConfigurationList = D4074F601CD207E200811CDF /* Build configuration list for PBXProject "TFApp" */;
			compatibilityVersion = "Xcode 3.2";
			developmentRegion = English;
			hasScannedForEncodings = 0;
			knownRegions = (
				en,
				Base,
			);
			mainGroup = D4074F5C1CD207E200811CDF;
			productRefGroup = D4074F661CD207E200811CDF /* Products */;
			projectDirPath = "";
			projectRoot = "";
			targets = (
				D4074F641CD207E200811CDF /* TFApp */,
				D4074F7D1CD207E200811CDF /* TFAppTests */,
				D4074F881CD207E200811CDF /* TFAppUITests */,
			);
		};
/* End PBXProject section */

/* Begin PBXResourcesBuildPhase section */
		D4074F631CD207E200811CDF /* Resources */ = {
			isa = PBXResourcesBuildPhase;
			buildActionMask = 2147483647;
			files = (
				419654691D11676D0002629B /* glyphicons-halflings-regular.ttf in Resources */,
				41D685E31D19371E00B4363A /* CommentTool.xib in Resources */,
				D407559D1CD23A3200811CDF /* keywords.plist in Resources */,
				D407557F1CD2381100811CDF /* XCFEditingDescCell.xib in Resources */,
				D407558C1CD2381100811CDF /* XCFMyInfoCell.xib in Resources */,
				D40755851CD2381100811CDF /* XCFProfileEditingHeader.xib in Resources */,
				41FE84491D112C47004C9774 /* ActivityLists.plist in Resources */,
				4196546C1D11676D0002629B /* bootstrap.js in Resources */,
				419654651D11676D0002629B /* bootstrap.css in Resources */,
				419654631D11676D0002629B /* bootstrap-theme.css in Resources */,
				D407557D1CD2381100811CDF /* XCFEditingBirthAndGenderCell.xib in Resources */,
				D407559C1CD23A3200811CDF /* Ingredient.plist in Resources */,
				419654701D11676D0002629B /* jquery-1.12.2.js in Resources */,
				419654671D11676D0002629B /* glyphicons-halflings-regular.eot in Resources */,
				4145E2B91CF99EB000822AA0 /* LoginController.xib in Resources */,
				D40755921CD238D000811CDF /* breakfast.json in Resources */,
				D40752601CD20E5E00811CDF /* Info.plist in Resources */,
				4196546F1D11676D0002629B /* index.html in Resources */,
				D40755991CD23A3200811CDF /* cart_items.plist in Resources */,
				41D685E51D19371E00B4363A /* TieziCell.xib in Resources */,
				D407559B1CD23A3200811CDF /* detaillocation.plist in Resources */,
				419654641D11676D0002629B /* bootstrap-theme.min.css in Resources */,
				419654661D11676D0002629B /* bootstrap.min.css in Resources */,
				4196546A1D11676D0002629B /* glyphicons-halflings-regular.woff in Resources */,
				41DC8E181CF7058F00427C23 /* CusNewsCell.xib in Resources */,
				D40755931CD238D000811CDF /* location.json in Resources */,
				D40755831CD2381100811CDF /* XCFEditingTextCell.xib in Resources */,
				4196546E1D11676D0002629B /* npm.js in Resources */,
				4196546D1D11676D0002629B /* bootstrap.min.js in Resources */,
				D407525E1CD20E5600811CDF /* Assets.xcassets in Resources */,
				D40755811CD2381100811CDF /* XCFEditingLocationCell.xib in Resources */,
				4196546B1D11676D0002629B /* glyphicons-halflings-regular.woff2 in Resources */,
				41EDC3821D1122BF00BDD264 /* ActivityCell.xib in Resources */,
				D407559A1CD23A3200811CDF /* comment.plist in Resources */,
				419654681D11676D0002629B /* glyphicons-halflings-regular.svg in Resources */,
			);
			runOnlyForDeploymentPostprocessing = 0;
		};
		D4074F7C1CD207E200811CDF /* Resources */ = {
			isa = PBXResourcesBuildPhase;
			buildActionMask = 2147483647;
			files = (
			);
			runOnlyForDeploymentPostprocessing = 0;
		};
		D4074F871CD207E200811CDF /* Resources */ = {
			isa = PBXResourcesBuildPhase;
			buildActionMask = 2147483647;
			files = (
			);
			runOnlyForDeploymentPostprocessing = 0;
		};
/* End PBXResourcesBuildPhase section */

/* Begin PBXShellScriptBuildPhase section */
		2CB60F7420698BD63ED9D8FF /* 📦 Embed Pods Frameworks */ = {
			isa = PBXShellScriptBuildPhase;
			buildActionMask = 2147483647;
			files = (
			);
			inputPaths = (
			);
			name = "📦 Embed Pods Frameworks";
			outputPaths = (
			);
			runOnlyForDeploymentPostprocessing = 0;
			shellPath = /bin/sh;
			shellScript = "\"${SRCROOT}/Pods/Target Support Files/Pods-XCFApp/Pods-XCFApp-frameworks.sh\"\n";
			showEnvVarsInLog = 0;
		};
		37F68642747766448C9A9176 /* 📦 Check Pods Manifest.lock */ = {
			isa = PBXShellScriptBuildPhase;
			buildActionMask = 2147483647;
			files = (
			);
			inputPaths = (
			);
			name = "📦 Check Pods Manifest.lock";
			outputPaths = (
			);
			runOnlyForDeploymentPostprocessing = 0;
			shellPath = /bin/sh;
			shellScript = "diff \"${PODS_ROOT}/../Podfile.lock\" \"${PODS_ROOT}/Manifest.lock\" > /dev/null\nif [[ $? != 0 ]] ; then\n    cat << EOM\nerror: The sandbox is not in sync with the Podfile.lock. Run 'pod install' or update your CocoaPods installation.\nEOM\n    exit 1\nfi\n";
			showEnvVarsInLog = 0;
		};
		4F77FFC1EC88112446EC14BC /* 📦 Copy Pods Resources */ = {
			isa = PBXShellScriptBuildPhase;
			buildActionMask = 2147483647;
			files = (
			);
			inputPaths = (
			);
			name = "📦 Copy Pods Resources";
			outputPaths = (
			);
			runOnlyForDeploymentPostprocessing = 0;
			shellPath = /bin/sh;
			shellScript = "\"${SRCROOT}/Pods/Target Support Files/Pods-XCFApp/Pods-XCFApp-resources.sh\"\n";
			showEnvVarsInLog = 0;
		};
/* End PBXShellScriptBuildPhase section */

/* Begin PBXSourcesBuildPhase section */
		D4074F611CD207E200811CDF /* Sources */ = {
			isa = PBXSourcesBuildPhase;
			buildActionMask = 2147483647;
			files = (
				41DC8E171CF7058F00427C23 /* CusNewsCell.m in Sources */,
				D40755041CD2378000811CDF /* XCFDetailArea.m in Sources */,
				D40754DA1CD2378000811CDF /* XCFSearchResultViewController.m in Sources */,
				D40754F71CD2378000811CDF /* UIButton+Extension.m in Sources */,
				D40755801CD2381100811CDF /* XCFEditingLocationCell.m in Sources */,
				41EDC3811D1122BF00BDD264 /* ActivityCell.m in Sources */,
				41DC8E151CF7058F00427C23 /* CusNews.m in Sources */,
				D407557E1CD2381100811CDF /* XCFEditingDescCell.m in Sources */,
				41DC8E131CF7058F00427C23 /* CusNewsController.m in Sources */,
				41D685E11D19371E00B4363A /* CusTiezi.m in Sources */,
				D40754DC1CD2378000811CDF /* XCFSearchKeywordsTool.m in Sources */,
				D40755011CD2378000811CDF /* XCFTabBarController.m in Sources */,
				419654731D1177E10002629B /* AvtivityDetailController.m in Sources */,
				D407557B1CD2381100811CDF /* XCFMyInfo.m in Sources */,
				D40755001CD2378000811CDF /* XCFNavigationController.m in Sources */,
				D407558D1CD2381100811CDF /* XCFSettingFooter.m in Sources */,
				D40754F51CD2378000811CDF /* NSString+Extension.m in Sources */,
				D40755071CD2378000811CDF /* XCFLocation.m in Sources */,
				41D685E01D19371E00B4363A /* TieziMarkViewController.m in Sources */,
				D40754F91CD2378000811CDF /* UIImageView+Extension.m in Sources */,
				41DC8E161CF7058F00427C23 /* CusNewsRequest.m in Sources */,
				D40754DD1CD2378000811CDF /* XCFSearchViewFooter.m in Sources */,
				41DC8E121CF7058F00427C23 /* CusDetailController.m in Sources */,
				D407557C1CD2381100811CDF /* XCFEditingBirthAndGenderCell.m in Sources */,
				D40755771CD2381100811CDF /* XCFSettingViewController.m in Sources */,
				D407558B1CD2381100811CDF /* XCFMyInfoCell.m in Sources */,
				41FE84471D112BCD004C9774 /* CusActivity.m in Sources */,
				41D685DE1D19371E00B4363A /* TieziController.m in Sources */,
				D407557A1CD2381100811CDF /* XCFAddressInfoTool.m in Sources */,
				D40754F81CD2378000811CDF /* UIImage+Extension.m in Sources */,
				D40755021CD2378000811CDF /* main.m in Sources */,
				D40754F31CD2378000811CDF /* AppDelegate.m in Sources */,
				D40755051CD2378000811CDF /* XCFDetailCity.m in Sources */,
				41D685E21D19371E00B4363A /* CommentTool.m in Sources */,
				D40755841CD2381100811CDF /* XCFProfileEditingHeader.m in Sources */,
				D40754DB1CD2378000811CDF /* XCFSearchViewController.m in Sources */,
				41EDC37D1D11224A00BDD264 /* ActivityController.m in Sources */,
				4162F9BE1D124046000A8177 /* ContactsController.m in Sources */,
				41DC8E141CF7058F00427C23 /* CusContents.m in Sources */,
				D40754FA1CD2378000811CDF /* UILabel+Extension.m in Sources */,
				41D685E41D19371E00B4363A /* TieziCell.m in Sources */,
				D40754F41CD2378000811CDF /* NSDate+Extension.m in Sources */,
				D40754FB1CD2378000811CDF /* UIViewController+Extension.m in Sources */,
				D407553C1CD2380900811CDF /* XCFMeController.m in Sources */,
				D40755061CD2378000811CDF /* XCFDetailLocation.m in Sources */,
				4145E2B81CF99EB000822AA0 /* LoginController.m in Sources */,
				D40755791CD2381100811CDF /* XCFAddressInfo.m in Sources */,
				D40755821CD2381100811CDF /* XCFEditingTextCell.m in Sources */,
				D40754DE1CD2378000811CDF /* XCFSearchViewHeader.m in Sources */,
				D407553E1CD2380900811CDF /* XCFAuthorDetail.m in Sources */,
				D40754F61CD2378000811CDF /* UIBarButtonItem+Extension.m in Sources */,
				41D685DD1D19371E00B4363A /* EditController.m in Sources */,
				D40755761CD2381100811CDF /* XCFProfileEditingController.m in Sources */,
				D407553D1CD2380900811CDF /* XCFAuthor.m in Sources */,
				D40755031CD2378000811CDF /* XCFCity.m in Sources */,
				4154D0A11D0FDF2C00E1F5D2 /* XCFSearchBar.m in Sources */,
				41D685DF1D19371E00B4363A /* TieziDetailController.m in Sources */,
			);
			runOnlyForDeploymentPostprocessing = 0;
		};
		D4074F7A1CD207E200811CDF /* Sources */ = {
			isa = PBXSourcesBuildPhase;
			buildActionMask = 2147483647;
			files = (
				D4074F831CD207E200811CDF /* XCFAppTests.m in Sources */,
			);
			runOnlyForDeploymentPostprocessing = 0;
		};
		D4074F851CD207E200811CDF /* Sources */ = {
			isa = PBXSourcesBuildPhase;
			buildActionMask = 2147483647;
			files = (
				D4074F8E1CD207E200811CDF /* XCFAppUITests.m in Sources */,
			);
			runOnlyForDeploymentPostprocessing = 0;
		};
/* End PBXSourcesBuildPhase section */

/* Begin PBXTargetDependency section */
		D4074F801CD207E200811CDF /* PBXTargetDependency */ = {
			isa = PBXTargetDependency;
			target = D4074F641CD207E200811CDF /* TFApp */;
			targetProxy = D4074F7F1CD207E200811CDF /* PBXContainerItemProxy */;
		};
		D4074F8B1CD207E200811CDF /* PBXTargetDependency */ = {
			isa = PBXTargetDependency;
			target = D4074F641CD207E200811CDF /* TFApp */;
			targetProxy = D4074F8A1CD207E200811CDF /* PBXContainerItemProxy */;
		};
/* End PBXTargetDependency section */

/* Begin XCBuildConfiguration section */
		D4074F901CD207E200811CDF /* Debug */ = {
			isa = XCBuildConfiguration;
			buildSettings = {
				ALWAYS_SEARCH_USER_PATHS = NO;
				CLANG_CXX_LANGUAGE_STANDARD = "gnu++0x";
				CLANG_CXX_LIBRARY = "libc++";
				CLANG_ENABLE_MODULES = YES;
				CLANG_ENABLE_OBJC_ARC = YES;
				CLANG_WARN_BOOL_CONVERSION = YES;
				CLANG_WARN_CONSTANT_CONVERSION = YES;
				CLANG_WARN_DIRECT_OBJC_ISA_USAGE = YES_ERROR;
				CLANG_WARN_EMPTY_BODY = YES;
				CLANG_WARN_ENUM_CONVERSION = YES;
				CLANG_WARN_INT_CONVERSION = YES;
				CLANG_WARN_OBJC_ROOT_CLASS = YES_ERROR;
				CLANG_WARN_UNREACHABLE_CODE = YES;
				CLANG_WARN__DUPLICATE_METHOD_MATCH = YES;
				"CODE_SIGN_IDENTITY[sdk=iphoneos*]" = "iPhone Developer";
				COPY_PHASE_STRIP = NO;
				DEBUG_INFORMATION_FORMAT = dwarf;
				ENABLE_STRICT_OBJC_MSGSEND = YES;
				ENABLE_TESTABILITY = YES;
				GCC_C_LANGUAGE_STANDARD = gnu99;
				GCC_DYNAMIC_NO_PIC = NO;
				GCC_NO_COMMON_BLOCKS = YES;
				GCC_OPTIMIZATION_LEVEL = 0;
				GCC_PREPROCESSOR_DEFINITIONS = (
					"DEBUG=1",
					"$(inherited)",
				);
				GCC_WARN_64_TO_32_BIT_CONVERSION = YES;
				GCC_WARN_ABOUT_RETURN_TYPE = YES_ERROR;
				GCC_WARN_UNDECLARED_SELECTOR = YES;
				GCC_WARN_UNINITIALIZED_AUTOS = YES_AGGRESSIVE;
				GCC_WARN_UNUSED_FUNCTION = YES;
				GCC_WARN_UNUSED_VARIABLE = YES;
				IPHONEOS_DEPLOYMENT_TARGET = 9.2;
				MTL_ENABLE_DEBUG_INFO = YES;
				ONLY_ACTIVE_ARCH = YES;
				SDKROOT = iphoneos;
				TARGETED_DEVICE_FAMILY = "1,2";
			};
			name = Debug;
		};
		D4074F911CD207E200811CDF /* Release */ = {
			isa = XCBuildConfiguration;
			buildSettings = {
				ALWAYS_SEARCH_USER_PATHS = NO;
				CLANG_CXX_LANGUAGE_STANDARD = "gnu++0x";
				CLANG_CXX_LIBRARY = "libc++";
				CLANG_ENABLE_MODULES = YES;
				CLANG_ENABLE_OBJC_ARC = YES;
				CLANG_WARN_BOOL_CONVERSION = YES;
				CLANG_WARN_CONSTANT_CONVERSION = YES;
				CLANG_WARN_DIRECT_OBJC_ISA_USAGE = YES_ERROR;
				CLANG_WARN_EMPTY_BODY = YES;
				CLANG_WARN_ENUM_CONVERSION = YES;
				CLANG_WARN_INT_CONVERSION = YES;
				CLANG_WARN_OBJC_ROOT_CLASS = YES_ERROR;
				CLANG_WARN_UNREACHABLE_CODE = YES;
				CLANG_WARN__DUPLICATE_METHOD_MATCH = YES;
				"CODE_SIGN_IDENTITY[sdk=iphoneos*]" = "iPhone Developer";
				COPY_PHASE_STRIP = NO;
				DEBUG_INFORMATION_FORMAT = "dwarf-with-dsym";
				ENABLE_NS_ASSERTIONS = NO;
				ENABLE_STRICT_OBJC_MSGSEND = YES;
				GCC_C_LANGUAGE_STANDARD = gnu99;
				GCC_NO_COMMON_BLOCKS = YES;
				GCC_WARN_64_TO_32_BIT_CONVERSION = YES;
				GCC_WARN_ABOUT_RETURN_TYPE = YES_ERROR;
				GCC_WARN_UNDECLARED_SELECTOR = YES;
				GCC_WARN_UNINITIALIZED_AUTOS = YES_AGGRESSIVE;
				GCC_WARN_UNUSED_FUNCTION = YES;
				GCC_WARN_UNUSED_VARIABLE = YES;
				IPHONEOS_DEPLOYMENT_TARGET = 9.2;
				MTL_ENABLE_DEBUG_INFO = NO;
				SDKROOT = iphoneos;
				TARGETED_DEVICE_FAMILY = "1,2";
				VALIDATE_PRODUCT = YES;
			};
			name = Release;
		};
		D4074F931CD207E200811CDF /* Debug */ = {
			isa = XCBuildConfiguration;
			baseConfigurationReference = 1D1F7A3E8237131B9B03F313 /* Pods-XCFApp.debug.xcconfig */;
			buildSettings = {
				ASSETCATALOG_COMPILER_APPICON_NAME = AppIcon;
				ASSETCATALOG_COMPILER_LAUNCHIMAGE_NAME = LaunchImage;
				CODE_SIGN_IDENTITY = "iPhone Developer";
				"CODE_SIGN_IDENTITY[sdk=iphoneos*]" = "iPhone Developer";
				GCC_PREFIX_HEADER = XCFApp/Classes/Other/PrefixHeader.pch;
				INFOPLIST_FILE = "$(SRCROOT)/XCFApp/Supporting Files/Info.plist";
				IPHONEOS_DEPLOYMENT_TARGET = 7.0;
				LD_RUNPATH_SEARCH_PATHS = "$(inherited) @executable_path/Frameworks";
				PRODUCT_BUNDLE_IDENTIFIER = joey.cn.XCFApp;
				PRODUCT_NAME = TFApp;
				PROVISIONING_PROFILE = "";
			};
			name = Debug;
		};
		D4074F941CD207E200811CDF /* Release */ = {
			isa = XCBuildConfiguration;
			baseConfigurationReference = 9187FAEE9289B0E81FE92E6E /* Pods-XCFApp.release.xcconfig */;
			buildSettings = {
				ASSETCATALOG_COMPILER_APPICON_NAME = AppIcon;
				ASSETCATALOG_COMPILER_LAUNCHIMAGE_NAME = LaunchImage;
				CODE_SIGN_IDENTITY = "iPhone Developer";
				"CODE_SIGN_IDENTITY[sdk=iphoneos*]" = "iPhone Developer";
				GCC_PREFIX_HEADER = XCFApp/Classes/Other/PrefixHeader.pch;
				INFOPLIST_FILE = "$(SRCROOT)/XCFApp/Supporting Files/Info.plist";
				IPHONEOS_DEPLOYMENT_TARGET = 7.0;
				LD_RUNPATH_SEARCH_PATHS = "$(inherited) @executable_path/Frameworks";
				PRODUCT_BUNDLE_IDENTIFIER = joey.cn.XCFApp;
				PRODUCT_NAME = TFApp;
				PROVISIONING_PROFILE = "";
			};
			name = Release;
		};
		D4074F961CD207E200811CDF /* Debug */ = {
			isa = XCBuildConfiguration;
			buildSettings = {
				BUNDLE_LOADER = "$(TEST_HOST)";
				INFOPLIST_FILE = XCFAppTests/Info.plist;
				LD_RUNPATH_SEARCH_PATHS = "$(inherited) @executable_path/Frameworks @loader_path/Frameworks";
				PRODUCT_BUNDLE_IDENTIFIER = joey.cn.XCFAppTests;
				PRODUCT_NAME = TFApp;
				TEST_HOST = "$(BUILT_PRODUCTS_DIR)/TFApp.app/TFApp";
			};
			name = Debug;
		};
		D4074F971CD207E200811CDF /* Release */ = {
			isa = XCBuildConfiguration;
			buildSettings = {
				BUNDLE_LOADER = "$(TEST_HOST)";
				INFOPLIST_FILE = XCFAppTests/Info.plist;
				LD_RUNPATH_SEARCH_PATHS = "$(inherited) @executable_path/Frameworks @loader_path/Frameworks";
				PRODUCT_BUNDLE_IDENTIFIER = joey.cn.XCFAppTests;
				PRODUCT_NAME = TFApp;
				TEST_HOST = "$(BUILT_PRODUCTS_DIR)/TFApp.app/TFApp";
			};
			name = Release;
		};
		D4074F991CD207E200811CDF /* Debug */ = {
			isa = XCBuildConfiguration;
			buildSettings = {
				INFOPLIST_FILE = XCFAppUITests/Info.plist;
				LD_RUNPATH_SEARCH_PATHS = "$(inherited) @executable_path/Frameworks @loader_path/Frameworks";
				PRODUCT_BUNDLE_IDENTIFIER = joey.cn.XCFAppUITests;
				PRODUCT_NAME = TFApp;
				TEST_TARGET_NAME = XCFApp;
				USES_XCTRUNNER = YES;
			};
			name = Debug;
		};
		D4074F9A1CD207E200811CDF /* Release */ = {
			isa = XCBuildConfiguration;
			buildSettings = {
				INFOPLIST_FILE = XCFAppUITests/Info.plist;
				LD_RUNPATH_SEARCH_PATHS = "$(inherited) @executable_path/Frameworks @loader_path/Frameworks";
				PRODUCT_BUNDLE_IDENTIFIER = joey.cn.XCFAppUITests;
				PRODUCT_NAME = TFApp;
				TEST_TARGET_NAME = XCFApp;
				USES_XCTRUNNER = YES;
			};
			name = Release;
		};
/* End XCBuildConfiguration section */

/* Begin XCConfigurationList section */
		D4074F601CD207E200811CDF /* Build configuration list for PBXProject "TFApp" */ = {
			isa = XCConfigurationList;
			buildConfigurations = (
				D4074F901CD207E200811CDF /* Debug */,
				D4074F911CD207E200811CDF /* Release */,
			);
			defaultConfigurationIsVisible = 0;
			defaultConfigurationName = Release;
		};
		D4074F921CD207E200811CDF /* Build configuration list for PBXNativeTarget "TFApp" */ = {
			isa = XCConfigurationList;
			buildConfigurations = (
				D4074F931CD207E200811CDF /* Debug */,
				D4074F941CD207E200811CDF /* Release */,
			);
			defaultConfigurationIsVisible = 0;
			defaultConfigurationName = Release;
		};
		D4074F951CD207E200811CDF /* Build configuration list for PBXNativeTarget "TFAppTests" */ = {
			isa = XCConfigurationList;
			buildConfigurations = (
				D4074F961CD207E200811CDF /* Debug */,
				D4074F971CD207E200811CDF /* Release */,
			);
			defaultConfigurationIsVisible = 0;
			defaultConfigurationName = Release;
		};
		D4074F981CD207E200811CDF /* Build configuration list for PBXNativeTarget "TFAppUITests" */ = {
			isa = XCConfigurationList;
			buildConfigurations = (
				D4074F991CD207E200811CDF /* Debug */,
				D4074F9A1CD207E200811CDF /* Release */,
			);
			defaultConfigurationIsVisible = 0;
			defaultConfigurationName = Release;
		};
/* End XCConfigurationList section */
	};
	rootObject = D4074F5D1CD207E200811CDF /* Project object */;
}
